// !$*UTF8*$!
{
	archiveVersion = 1;
	classes = {
	};
	objectVersion = 46;
	objects = {

/* Begin PBXBuildFile section */
		6B0582DC07106CC9FCE5AF6D /* JsonInterceptor.h in CopyFiles */ = {isa = PBXBuildFile; fileRef = 6B0588E75C9538422DEB9BEA /* JsonInterceptor.h */; };
		6B0586283A8FCC84668DAC5E /* SerializerFormat.m in Sources */ = {isa = PBXBuildFile; fileRef = 6B058E715CE975295EADB6B1 /* SerializerFormat.m */; };
		6B0586E0272607862558930E /* SerializerFormatProtocol.h in CopyFiles */ = {isa = PBXBuildFile; fileRef = 6B05859CDC4C524C3E1BAA0B /* SerializerFormatProtocol.h */; };
		6B05880B476176CF963ED8BA /* SerializerFormats.m in Sources */ = {isa = PBXBuildFile; fileRef = 6B058E2CB7B81A079954D901 /* SerializerFormats.m */; };
		6B0589E02A71981D78E92D88 /* InfectableBugJsonSerializer.h in CopyFiles */ = {isa = PBXBuildFile; fileRef = 6B0585821B1D8C5FD42C2B62 /* InfectableBugJsonSerializer.h */; };
		6B058AB649158FE493D07861 /* SerializerFormats.h in CopyFiles */ = {isa = PBXBuildFile; fileRef = 6B05848034A81742508DB281 /* SerializerFormats.h */; };
		6B058B15A5AA0C4E691B1EC2 /* InterceptorProtocol.h in CopyFiles */ = {isa = PBXBuildFile; fileRef = 6B058DD9CAAE7C8F6C641C02 /* InterceptorProtocol.h */; };
		6B058B455346154BE1E5421B /* JsonInterceptor.m in Sources */ = {isa = PBXBuildFile; fileRef = 6B058C4C6B04BACA705B0FEE /* JsonInterceptor.m */; };
		6B058DAF53A2866333673E01 /* SerializerFormat.h in CopyFiles */ = {isa = PBXBuildFile; fileRef = 6B05811583F39F908FBA6D64 /* SerializerFormat.h */; };
		6B058DD9B2FF9ABFCADC2AF8 /* InfectableBugJsonSerializer.m in Sources */ = {isa = PBXBuildFile; fileRef = 6B058739FAB34A99AAB5A8F9 /* InfectableBugJsonSerializer.m */; };
		94540AF0160597A200C84C5D /* Foundation.framework in Frameworks */ = {isa = PBXBuildFile; fileRef = 94540AEF160597A200C84C5D /* Foundation.framework */; };
		94540AF7160597A200C84C5D /* Bhumi.1 in CopyFiles */ = {isa = PBXBuildFile; fileRef = 94540AF6160597A200C84C5D /* Bhumi.1 */; };
		94540B0D160597C500C84C5D /* Bug.m in Sources */ = {isa = PBXBuildFile; fileRef = 94540AFF160597C500C84C5D /* Bug.m */; };
		94540B0E160597C500C84C5D /* BugToStringSerializer.m in Sources */ = {isa = PBXBuildFile; fileRef = 94540B02160597C500C84C5D /* BugToStringSerializer.m */; };
		94540B0F160597C500C84C5D /* NSMutableArray+Shuffle.m in Sources */ = {isa = PBXBuildFile; fileRef = 94540B04160597C500C84C5D /* NSMutableArray+Shuffle.m */; };
		94540B10160597C500C84C5D /* World.m in Sources */ = {isa = PBXBuildFile; fileRef = 94540B08160597C500C84C5D /* World.m */; };
		94540B1C160597DD00C84C5D /* InfectableBug.m in Sources */ = {isa = PBXBuildFile; fileRef = 94540B15160597DD00C84C5D /* InfectableBug.m */; };
		94540B1E160597DD00C84C5D /* RandomBug.m in Sources */ = {isa = PBXBuildFile; fileRef = 94540B19160597DD00C84C5D /* RandomBug.m */; };
		94540B1F160597DD00C84C5D /* RandomBugJsonSerializer.m in Sources */ = {isa = PBXBuildFile; fileRef = 94540B1B160597DD00C84C5D /* RandomBugJsonSerializer.m */; };
		94540B21160597FF00C84C5D /* main.m in Sources */ = {isa = PBXBuildFile; fileRef = 94540B20160597FF00C84C5D /* main.m */; };
/* End PBXBuildFile section */

/* Begin PBXCopyFilesBuildPhase section */
		94540AE9160597A200C84C5D /* CopyFiles */ = {
			isa = PBXCopyFilesBuildPhase;
			buildActionMask = 2147483647;
			dstPath = /usr/share/man/man1/;
			dstSubfolderSpec = 0;
			files = (
				94540AF7160597A200C84C5D /* Bhumi.1 in CopyFiles */,
				6B058B15A5AA0C4E691B1EC2 /* InterceptorProtocol.h in CopyFiles */,
				6B0582DC07106CC9FCE5AF6D /* JsonInterceptor.h in CopyFiles */,
				6B0589E02A71981D78E92D88 /* InfectableBugJsonSerializer.h in CopyFiles */,
				6B0586E0272607862558930E /* SerializerFormatProtocol.h in CopyFiles */,
				6B058AB649158FE493D07861 /* SerializerFormats.h in CopyFiles */,
				6B058DAF53A2866333673E01 /* SerializerFormat.h in CopyFiles */,
			);
			runOnlyForDeploymentPostprocessing = 1;
		};
/* End PBXCopyFilesBuildPhase section */

/* Begin PBXFileReference section */
		6B05811583F39F908FBA6D64 /* SerializerFormat.h */ = {isa = PBXFileReference; fileEncoding = 4; lastKnownFileType = sourcecode.c.h; path = SerializerFormat.h; sourceTree = "<group>"; };
		6B05848034A81742508DB281 /* SerializerFormats.h */ = {isa = PBXFileReference; fileEncoding = 4; lastKnownFileType = sourcecode.c.h; path = SerializerFormats.h; sourceTree = "<group>"; };
		6B0585821B1D8C5FD42C2B62 /* InfectableBugJsonSerializer.h */ = {isa = PBXFileReference; fileEncoding = 4; lastKnownFileType = sourcecode.c.h; path = InfectableBugJsonSerializer.h; sourceTree = "<group>"; };
		6B05859CDC4C524C3E1BAA0B /* SerializerFormatProtocol.h */ = {isa = PBXFileReference; fileEncoding = 4; lastKnownFileType = sourcecode.c.h; path = SerializerFormatProtocol.h; sourceTree = "<group>"; };
		6B058739FAB34A99AAB5A8F9 /* InfectableBugJsonSerializer.m */ = {isa = PBXFileReference; fileEncoding = 4; lastKnownFileType = sourcecode.c.objc; path = InfectableBugJsonSerializer.m; sourceTree = "<group>"; };
		6B0588E75C9538422DEB9BEA /* JsonInterceptor.h */ = {isa = PBXFileReference; fileEncoding = 4; lastKnownFileType = sourcecode.c.h; path = JsonInterceptor.h; sourceTree = "<group>"; };
		6B058C4C6B04BACA705B0FEE /* JsonInterceptor.m */ = {isa = PBXFileReference; fileEncoding = 4; lastKnownFileType = sourcecode.c.objc; path = JsonInterceptor.m; sourceTree = "<group>"; };
		6B058DD9CAAE7C8F6C641C02 /* InterceptorProtocol.h */ = {isa = PBXFileReference; fileEncoding = 4; lastKnownFileType = sourcecode.c.h; path = InterceptorProtocol.h; sourceTree = "<group>"; };
		6B058E2CB7B81A079954D901 /* SerializerFormats.m */ = {isa = PBXFileReference; fileEncoding = 4; lastKnownFileType = sourcecode.c.objc; path = SerializerFormats.m; sourceTree = "<group>"; };
		6B058E715CE975295EADB6B1 /* SerializerFormat.m */ = {isa = PBXFileReference; fileEncoding = 4; lastKnownFileType = sourcecode.c.objc; path = SerializerFormat.m; sourceTree = "<group>"; };
		94540AEB160597A200C84C5D /* Bhumi */ = {isa = PBXFileReference; explicitFileType = "compiled.mach-o.executable"; includeInIndex = 0; path = Bhumi; sourceTree = BUILT_PRODUCTS_DIR; };
		94540AEF160597A200C84C5D /* Foundation.framework */ = {isa = PBXFileReference; lastKnownFileType = wrapper.framework; name = Foundation.framework; path = System/Library/Frameworks/Foundation.framework; sourceTree = SDKROOT; };
		94540AF5160597A200C84C5D /* Bhumi-Prefix.pch */ = {isa = PBXFileReference; lastKnownFileType = sourcecode.c.h; path = "Bhumi-Prefix.pch"; sourceTree = "<group>"; };
		94540AF6160597A200C84C5D /* Bhumi.1 */ = {isa = PBXFileReference; lastKnownFileType = text.man; path = Bhumi.1; sourceTree = "<group>"; };
		94540AFE160597C500C84C5D /* Bug.h */ = {isa = PBXFileReference; fileEncoding = 4; lastKnownFileType = sourcecode.c.h; path = Bug.h; sourceTree = "<group>"; };
		94540AFF160597C500C84C5D /* Bug.m */ = {isa = PBXFileReference; fileEncoding = 4; lastKnownFileType = sourcecode.c.objc; path = Bug.m; sourceTree = "<group>"; };
		94540B00160597C500C84C5D /* BugProtocol.h */ = {isa = PBXFileReference; fileEncoding = 4; lastKnownFileType = sourcecode.c.h; path = BugProtocol.h; sourceTree = "<group>"; };
		94540B01160597C500C84C5D /* BugToStringSerializer.h */ = {isa = PBXFileReference; fileEncoding = 4; lastKnownFileType = sourcecode.c.h; path = BugToStringSerializer.h; sourceTree = "<group>"; };
		94540B02160597C500C84C5D /* BugToStringSerializer.m */ = {isa = PBXFileReference; fileEncoding = 4; lastKnownFileType = sourcecode.c.objc; path = BugToStringSerializer.m; sourceTree = "<group>"; };
		94540B03160597C500C84C5D /* NSMutableArray+Shuffle.h */ = {isa = PBXFileReference; fileEncoding = 4; lastKnownFileType = sourcecode.c.h; path = "NSMutableArray+Shuffle.h"; sourceTree = "<group>"; };
		94540B04160597C500C84C5D /* NSMutableArray+Shuffle.m */ = {isa = PBXFileReference; fileEncoding = 4; lastKnownFileType = sourcecode.c.objc; path = "NSMutableArray+Shuffle.m"; sourceTree = "<group>"; };
		94540B06160597C500C84C5D /* ToStringSerializerProtocol.h */ = {isa = PBXFileReference; fileEncoding = 4; lastKnownFileType = sourcecode.c.h; path = ToStringSerializerProtocol.h; sourceTree = "<group>"; };
		94540B07160597C500C84C5D /* World.h */ = {isa = PBXFileReference; fileEncoding = 4; lastKnownFileType = sourcecode.c.h; path = World.h; sourceTree = "<group>"; };
		94540B08160597C500C84C5D /* World.m */ = {isa = PBXFileReference; fileEncoding = 4; lastKnownFileType = sourcecode.c.objc; path = World.m; sourceTree = "<group>"; };
		94540B14160597DD00C84C5D /* InfectableBug.h */ = {isa = PBXFileReference; fileEncoding = 4; lastKnownFileType = sourcecode.c.h; path = InfectableBug.h; sourceTree = "<group>"; };
		94540B15160597DD00C84C5D /* InfectableBug.m */ = {isa = PBXFileReference; fileEncoding = 4; lastKnownFileType = sourcecode.c.objc; path = InfectableBug.m; sourceTree = "<group>"; };
		94540B18160597DD00C84C5D /* RandomBug.h */ = {isa = PBXFileReference; fileEncoding = 4; lastKnownFileType = sourcecode.c.h; path = RandomBug.h; sourceTree = "<group>"; };
		94540B19160597DD00C84C5D /* RandomBug.m */ = {isa = PBXFileReference; fileEncoding = 4; lastKnownFileType = sourcecode.c.objc; path = RandomBug.m; sourceTree = "<group>"; };
		94540B1A160597DD00C84C5D /* RandomBugJsonSerializer.h */ = {isa = PBXFileReference; fileEncoding = 4; lastKnownFileType = sourcecode.c.h; path = RandomBugJsonSerializer.h; sourceTree = "<group>"; };
		94540B1B160597DD00C84C5D /* RandomBugJsonSerializer.m */ = {isa = PBXFileReference; fileEncoding = 4; lastKnownFileType = sourcecode.c.objc; path = RandomBugJsonSerializer.m; sourceTree = "<group>"; };
		94540B20160597FF00C84C5D /* main.m */ = {isa = PBXFileReference; fileEncoding = 4; lastKnownFileType = sourcecode.c.objc; name = main.m; path = ../../src/objc/main.m; sourceTree = "<group>"; };
/* End PBXFileReference section */

/* Begin PBXFrameworksBuildPhase section */
		94540AE8160597A200C84C5D /* Frameworks */ = {
			isa = PBXFrameworksBuildPhase;
			buildActionMask = 2147483647;
			files = (
				94540AF0160597A200C84C5D /* Foundation.framework in Frameworks */,
			);
			runOnlyForDeploymentPostprocessing = 0;
		};
/* End PBXFrameworksBuildPhase section */

/* Begin PBXGroup section */
		94540AE0160597A200C84C5D = {
			isa = PBXGroup;
			children = (
				94540AF1160597A200C84C5D /* Bhumi */,
				94540AEE160597A200C84C5D /* Frameworks */,
				94540AEC160597A200C84C5D /* Products */,
			);
			sourceTree = "<group>";
		};
		94540AEC160597A200C84C5D /* Products */ = {
			isa = PBXGroup;
			children = (
				94540AEB160597A200C84C5D /* Bhumi */,
			);
			name = Products;
			sourceTree = "<group>";
		};
		94540AEE160597A200C84C5D /* Frameworks */ = {
			isa = PBXGroup;
			children = (
				94540AEF160597A200C84C5D /* Foundation.framework */,
			);
			name = Frameworks;
			sourceTree = "<group>";
		};
		94540AF1160597A200C84C5D /* Bhumi */ = {
			isa = PBXGroup;
			children = (
				94540B20160597FF00C84C5D /* main.m */,
				94540B13160597DD00C84C5D /* domain */,
				94540AFD160597C500C84C5D /* framework */,
				94540AF6160597A200C84C5D /* Bhumi.1 */,
				94540AF4160597A200C84C5D /* Supporting Files */,
			);
			path = Bhumi;
			sourceTree = "<group>";
		};
		94540AF4160597A200C84C5D /* Supporting Files */ = {
			isa = PBXGroup;
			children = (
				94540AF5160597A200C84C5D /* Bhumi-Prefix.pch */,
			);
			name = "Supporting Files";
			sourceTree = "<group>";
		};
		94540AFD160597C500C84C5D /* framework */ = {
			isa = PBXGroup;
			children = (
				6B05811583F39F908FBA6D64 /* SerializerFormat.h */,
				6B058E715CE975295EADB6B1 /* SerializerFormat.m */,
				6B05848034A81742508DB281 /* SerializerFormats.h */,
				6B058E2CB7B81A079954D901 /* SerializerFormats.m */,
				6B05859CDC4C524C3E1BAA0B /* SerializerFormatProtocol.h */,
				6B0588E75C9538422DEB9BEA /* JsonInterceptor.h */,
				6B058C4C6B04BACA705B0FEE /* JsonInterceptor.m */,
				6B058DD9CAAE7C8F6C641C02 /* InterceptorProtocol.h */,
				94540AFE160597C500C84C5D /* Bug.h */,
				94540AFF160597C500C84C5D /* Bug.m */,
				94540B00160597C500C84C5D /* BugProtocol.h */,
				94540B01160597C500C84C5D /* BugToStringSerializer.h */,
				94540B02160597C500C84C5D /* BugToStringSerializer.m */,
				94540B03160597C500C84C5D /* NSMutableArray+Shuffle.h */,
				94540B04160597C500C84C5D /* NSMutableArray+Shuffle.m */,
				94540B06160597C500C84C5D /* ToStringSerializerProtocol.h */,
				94540B07160597C500C84C5D /* World.h */,
				94540B08160597C500C84C5D /* World.m */,
			);
			name = framework;
			path = ../../src/objc/framework;
			sourceTree = "<group>";
		};
		94540B13160597DD00C84C5D /* domain */ = {
			isa = PBXGroup;
			children = (
				6B058739FAB34A99AAB5A8F9 /* InfectableBugJsonSerializer.m */,
				6B0585821B1D8C5FD42C2B62 /* InfectableBugJsonSerializer.h */,
				94540B14160597DD00C84C5D /* InfectableBug.h */,
				94540B15160597DD00C84C5D /* InfectableBug.m */,
				94540B18160597DD00C84C5D /* RandomBug.h */,
				94540B19160597DD00C84C5D /* RandomBug.m */,
				94540B1A160597DD00C84C5D /* RandomBugJsonSerializer.h */,
				94540B1B160597DD00C84C5D /* RandomBugJsonSerializer.m */,
			);
			name = domain;
			path = ../../src/objc/domain;
			sourceTree = "<group>";
		};
/* End PBXGroup section */

/* Begin PBXNativeTarget section */
		94540AEA160597A200C84C5D /* Bhumi */ = {
			isa = PBXNativeTarget;
			buildConfigurationList = 94540AFA160597A200C84C5D /* Build configuration list for PBXNativeTarget "Bhumi" */;
			buildPhases = (
				94540AE7160597A200C84C5D /* Sources */,
				94540AE8160597A200C84C5D /* Frameworks */,
				94540AE9160597A200C84C5D /* CopyFiles */,
			);
			buildRules = (
			);
			dependencies = (
			);
			name = Bhumi;
			productName = Bhumi;
			productReference = 94540AEB160597A200C84C5D /* Bhumi */;
			productType = "com.apple.product-type.tool";
		};
/* End PBXNativeTarget section */

/* Begin PBXProject section */
		94540AE2160597A200C84C5D /* Project object */ = {
			isa = PBXProject;
			attributes = {
				LastUpgradeCheck = 0440;
				ORGANIZATIONNAME = "Vivin Paliath";
			};
			buildConfigurationList = 94540AE5160597A200C84C5D /* Build configuration list for PBXProject "Bhumi" */;
			compatibilityVersion = "Xcode 3.2";
			developmentRegion = English;
			hasScannedForEncodings = 0;
			knownRegions = (
				en,
			);
			mainGroup = 94540AE0160597A200C84C5D;
			productRefGroup = 94540AEC160597A200C84C5D /* Products */;
			projectDirPath = "";
			projectRoot = "";
			targets = (
				94540AEA160597A200C84C5D /* Bhumi */,
			);
		};
/* End PBXProject section */

/* Begin PBXSourcesBuildPhase section */
		94540AE7160597A200C84C5D /* Sources */ = {
			isa = PBXSourcesBuildPhase;
			buildActionMask = 2147483647;
			files = (
				94540B0D160597C500C84C5D /* Bug.m in Sources */,
				94540B0E160597C500C84C5D /* BugToStringSerializer.m in Sources */,
				94540B0F160597C500C84C5D /* NSMutableArray+Shuffle.m in Sources */,
				94540B10160597C500C84C5D /* World.m in Sources */,
				94540B1C160597DD00C84C5D /* InfectableBug.m in Sources */,
				94540B1E160597DD00C84C5D /* RandomBug.m in Sources */,
				94540B1F160597DD00C84C5D /* RandomBugJsonSerializer.m in Sources */,
				94540B21160597FF00C84C5D /* main.m in Sources */,
				6B058B455346154BE1E5421B /* JsonInterceptor.m in Sources */,
				6B058DD9B2FF9ABFCADC2AF8 /* InfectableBugJsonSerializer.m in Sources */,
				6B05880B476176CF963ED8BA /* SerializerFormats.m in Sources */,
				6B0586283A8FCC84668DAC5E /* SerializerFormat.m in Sources */,
			);
			runOnlyForDeploymentPostprocessing = 0;
		};
/* End PBXSourcesBuildPhase section */

/* Begin XCBuildConfiguration section */
		94540AF8160597A200C84C5D /* Debug */ = {
			isa = XCBuildConfiguration;
			buildSettings = {
				ALWAYS_SEARCH_USER_PATHS = NO;
				ARCHS = "$(ARCHS_STANDARD_64_BIT)";
				CLANG_CXX_LANGUAGE_STANDARD = "gnu++0x";
				CLANG_ENABLE_OBJC_ARC = YES;
				CLANG_WARN__DUPLICATE_METHOD_MATCH = YES;
				COPY_PHASE_STRIP = NO;
				GCC_C_LANGUAGE_STANDARD = gnu99;
				GCC_DYNAMIC_NO_PIC = NO;
				GCC_ENABLE_OBJC_EXCEPTIONS = YES;
				GCC_OPTIMIZATION_LEVEL = 0;
				GCC_PREPROCESSOR_DEFINITIONS = (
					"DEBUG=1",
					"$(inherited)",
				);
				GCC_SYMBOLS_PRIVATE_EXTERN = NO;
				GCC_WARN_64_TO_32_BIT_CONVERSION = YES;
				GCC_WARN_ABOUT_RETURN_TYPE = YES;
				GCC_WARN_UNINITIALIZED_AUTOS = YES;
				GCC_WARN_UNUSED_VARIABLE = YES;
				MACOSX_DEPLOYMENT_TARGET = 10.8;
				ONLY_ACTIVE_ARCH = YES;
				SDKROOT = macosx;
				SYMROOT = /Users/vivin/;
			};
			name = Debug;
		};
		94540AF9160597A200C84C5D /* Release */ = {
			isa = XCBuildConfiguration;
			buildSettings = {
				ALWAYS_SEARCH_USER_PATHS = NO;
				ARCHS = "$(ARCHS_STANDARD_64_BIT)";
				CLANG_CXX_LANGUAGE_STANDARD = "gnu++0x";
				CLANG_ENABLE_OBJC_ARC = YES;
				CLANG_WARN__DUPLICATE_METHOD_MATCH = YES;
				COPY_PHASE_STRIP = YES;
				DEBUG_INFORMATION_FORMAT = "dwarf-with-dsym";
				GCC_C_LANGUAGE_STANDARD = gnu99;
				GCC_ENABLE_OBJC_EXCEPTIONS = YES;
				GCC_WARN_64_TO_32_BIT_CONVERSION = YES;
				GCC_WARN_ABOUT_RETURN_TYPE = YES;
				GCC_WARN_UNINITIALIZED_AUTOS = YES;
				GCC_WARN_UNUSED_VARIABLE = YES;
				MACOSX_DEPLOYMENT_TARGET = 10.8;
				ONLY_ACTIVE_ARCH = YES;
				SDKROOT = macosx;
				SYMROOT = /Users/vivin/Projects/bhumi/Build/Products;
			};
			name = Release;
		};
		94540AFB160597A200C84C5D /* Debug */ = {
			isa = XCBuildConfiguration;
			buildSettings = {
				GCC_PRECOMPILE_PREFIX_HEADER = YES;
				GCC_PREFIX_HEADER = "Bhumi/Bhumi-Prefix.pch";
				PRODUCT_NAME = "$(TARGET_NAME)";
				SYMROOT = /Users/vivin/;
			};
			name = Debug;
		};
		94540AFC160597A200C84C5D /* Release */ = {
			isa = XCBuildConfiguration;
			buildSettings = {
				GCC_PRECOMPILE_PREFIX_HEADER = YES;
				GCC_PREFIX_HEADER = "Bhumi/Bhumi-Prefix.pch";
				PRODUCT_NAME = "$(TARGET_NAME)";
			};
			name = Release;
		};
/* End XCBuildConfiguration section */

/* Begin XCConfigurationList section */
		94540AE5160597A200C84C5D /* Build configuration list for PBXProject "Bhumi" */ = {
			isa = XCConfigurationList;
			buildConfigurations = (
				94540AF8160597A200C84C5D /* Debug */,
				94540AF9160597A200C84C5D /* Release */,
			);
			defaultConfigurationIsVisible = 0;
			defaultConfigurationName = Release;
		};
		94540AFA160597A200C84C5D /* Build configuration list for PBXNativeTarget "Bhumi" */ = {
			isa = XCConfigurationList;
			buildConfigurations = (
				94540AFB160597A200C84C5D /* Debug */,
				94540AFC160597A200C84C5D /* Release */,
			);
			defaultConfigurationIsVisible = 0;
		};
/* End XCConfigurationList section */
	};
	rootObject = 94540AE2160597A200C84C5D /* Project object */;
}
