// !$*UTF8*$!
{
	archiveVersion = 1;
	classes = {
	};
	objectVersion = 46;
	objects = {

/* Begin PBXBuildFile section */
		6B0582DC07106CC9FCE5AF6D /* JsonInterceptor.h in CopyFiles */ = {isa = PBXBuildFile; fileRef = 6B0588E75C9538422DEB9BEA /* JsonInterceptor.h */; };
		6B0583BC71FD3045EC2FBD7F /* InfectableNonLinearBug.h in CopyFiles */ = {isa = PBXBuildFile; fileRef = 6B05819E10C48939D564AC39 /* InfectableNonLinearBug.h */; };
		6B0586283A8FCC84668DAC5E /* SerializerFormat.m in Sources */ = {isa = PBXBuildFile; fileRef = 6B058E715CE975295EADB6B1 /* SerializerFormat.m */; };
		6B0586E0272607862558930E /* SerializerFormatProtocol.h in CopyFiles */ = {isa = PBXBuildFile; fileRef = 6B05859CDC4C524C3E1BAA0B /* SerializerFormatProtocol.h */; };
		6B0587824C8B614D7D6DB15E /* InfectableNonLinearBug.m in Sources */ = {isa = PBXBuildFile; fileRef = 6B058C05B68F854FD728DF25 /* InfectableNonLinearBug.m */; };
		6B05880B476176CF963ED8BA /* SerializerFormats.m in Sources */ = {isa = PBXBuildFile; fileRef = 6B058E2CB7B81A079954D901 /* SerializerFormats.m */; };
		6B0589E02A71981D78E92D88 /* InfectableBugJsonSerializer.h in CopyFiles */ = {isa = PBXBuildFile; fileRef = 6B0585821B1D8C5FD42C2B62 /* InfectableBugJsonSerializer.h */; };
		6B058A7724C899AEC3285BF6 /* InfectableNonLinearBug.m in Sources */ = {isa = PBXBuildFile; fileRef = 6B058C05B68F854FD728DF25 /* InfectableNonLinearBug.m */; };
		6B058AB649158FE493D07861 /* SerializerFormats.h in CopyFiles */ = {isa = PBXBuildFile; fileRef = 6B05848034A81742508DB281 /* SerializerFormats.h */; };
		6B058B15A5AA0C4E691B1EC2 /* InterceptorProtocol.h in CopyFiles */ = {isa = PBXBuildFile; fileRef = 6B058DD9CAAE7C8F6C641C02 /* InterceptorProtocol.h */; };
		6B058B455346154BE1E5421B /* JsonInterceptor.m in Sources */ = {isa = PBXBuildFile; fileRef = 6B058C4C6B04BACA705B0FEE /* JsonInterceptor.m */; };
		6B058DAF53A2866333673E01 /* SerializerFormat.h in CopyFiles */ = {isa = PBXBuildFile; fileRef = 6B05811583F39F908FBA6D64 /* SerializerFormat.h */; };
		6B058DD9B2FF9ABFCADC2AF8 /* InfectableBugJsonSerializer.m in Sources */ = {isa = PBXBuildFile; fileRef = 6B058739FAB34A99AAB5A8F9 /* InfectableBugJsonSerializer.m */; };
		6B058E52826EC982EDAEFC73 /* InfectableNonLinearBugState.h in CopyFiles */ = {isa = PBXBuildFile; fileRef = 6B058EA20CA9E4C867AC017F /* InfectableNonLinearBugState.h */; };
		943DD11B163C77F80009F4E1 /* Foundation.framework in Frameworks */ = {isa = PBXBuildFile; fileRef = 94540AEF160597A200C84C5D /* Foundation.framework */; };
		943DD122163C77F80009F4E1 /* InfoPlist.strings in Resources */ = {isa = PBXBuildFile; fileRef = 943DD120163C77F80009F4E1 /* InfoPlist.strings */; };
		943DD124163C77F80009F4E1 /* main.m in Sources */ = {isa = PBXBuildFile; fileRef = 943DD123163C77F80009F4E1 /* main.m */; };
		943DD128163C77F80009F4E1 /* AppDelegate.m in Sources */ = {isa = PBXBuildFile; fileRef = 943DD127163C77F80009F4E1 /* AppDelegate.m */; };
		943DD12B163C77F80009F4E1 /* MainStoryboard.storyboard in Resources */ = {isa = PBXBuildFile; fileRef = 943DD129163C77F80009F4E1 /* MainStoryboard.storyboard */; };
		943DD12E163C77F80009F4E1 /* ViewController.m in Sources */ = {isa = PBXBuildFile; fileRef = 943DD12D163C77F80009F4E1 /* ViewController.m */; };
		943DD13E163C78680009F4E1 /* InfectableBug.m in Sources */ = {isa = PBXBuildFile; fileRef = 943DD134163C78680009F4E1 /* InfectableBug.m */; };
		943DD13F163C78680009F4E1 /* InfectableBugJsonSerializer.m in Sources */ = {isa = PBXBuildFile; fileRef = 943DD136163C78680009F4E1 /* InfectableBugJsonSerializer.m */; };
		943DD140163C78680009F4E1 /* InfectableNonLinearBug.m in Sources */ = {isa = PBXBuildFile; fileRef = 943DD138163C78680009F4E1 /* InfectableNonLinearBug.m */; };
		943DD141163C78680009F4E1 /* RandomBug.m in Sources */ = {isa = PBXBuildFile; fileRef = 943DD13B163C78680009F4E1 /* RandomBug.m */; };
		943DD142163C78680009F4E1 /* RandomBugJsonSerializer.m in Sources */ = {isa = PBXBuildFile; fileRef = 943DD13D163C78680009F4E1 /* RandomBugJsonSerializer.m */; };
		943DD156163C78780009F4E1 /* Bug.m in Sources */ = {isa = PBXBuildFile; fileRef = 943DD145163C78780009F4E1 /* Bug.m */; };
		943DD157163C78780009F4E1 /* BugToStringSerializer.m in Sources */ = {isa = PBXBuildFile; fileRef = 943DD148163C78780009F4E1 /* BugToStringSerializer.m */; };
		943DD158163C78780009F4E1 /* JsonInterceptor.m in Sources */ = {isa = PBXBuildFile; fileRef = 943DD14B163C78780009F4E1 /* JsonInterceptor.m */; };
		943DD159163C78780009F4E1 /* NSMutableArray+Shuffle.m in Sources */ = {isa = PBXBuildFile; fileRef = 943DD14D163C78780009F4E1 /* NSMutableArray+Shuffle.m */; };
		943DD15A163C78780009F4E1 /* SerializerFormat.m in Sources */ = {isa = PBXBuildFile; fileRef = 943DD14F163C78780009F4E1 /* SerializerFormat.m */; };
		943DD15B163C78780009F4E1 /* SerializerFormats.m in Sources */ = {isa = PBXBuildFile; fileRef = 943DD152163C78780009F4E1 /* SerializerFormats.m */; };
		943DD15C163C78780009F4E1 /* World.m in Sources */ = {isa = PBXBuildFile; fileRef = 943DD155163C78780009F4E1 /* World.m */; };
		943DD161163C79430009F4E1 /* InfectableNonLinearBugMobileView.m in Sources */ = {isa = PBXBuildFile; fileRef = 943DD160163C79430009F4E1 /* InfectableNonLinearBugMobileView.m */; };
		943DD16B163C7F7E0009F4E1 /* UIKit.framework in Frameworks */ = {isa = PBXBuildFile; fileRef = 943DD16A163C7F7E0009F4E1 /* UIKit.framework */; };
		943DD16D163C7F870009F4E1 /* CoreGraphics.framework in Frameworks */ = {isa = PBXBuildFile; fileRef = 943DD16C163C7F860009F4E1 /* CoreGraphics.framework */; };
		94540AF0160597A200C84C5D /* Foundation.framework in Frameworks */ = {isa = PBXBuildFile; fileRef = 94540AEF160597A200C84C5D /* Foundation.framework */; };
		94540AF7160597A200C84C5D /* Bhumi.1 in CopyFiles */ = {isa = PBXBuildFile; fileRef = 94540AF6160597A200C84C5D /* Bhumi.1 */; };
		94540B0D160597C500C84C5D /* Bug.m in Sources */ = {isa = PBXBuildFile; fileRef = 94540AFF160597C500C84C5D /* Bug.m */; };
		94540B0E160597C500C84C5D /* BugToStringSerializer.m in Sources */ = {isa = PBXBuildFile; fileRef = 94540B02160597C500C84C5D /* BugToStringSerializer.m */; };
		94540B0F160597C500C84C5D /* NSMutableArray+Shuffle.m in Sources */ = {isa = PBXBuildFile; fileRef = 94540B04160597C500C84C5D /* NSMutableArray+Shuffle.m */; };
		94540B10160597C500C84C5D /* World.m in Sources */ = {isa = PBXBuildFile; fileRef = 94540B08160597C500C84C5D /* World.m */; };
		94540B1C160597DD00C84C5D /* InfectableBug.m in Sources */ = {isa = PBXBuildFile; fileRef = 94540B15160597DD00C84C5D /* InfectableBug.m */; };
		94540B1E160597DD00C84C5D /* RandomBug.m in Sources */ = {isa = PBXBuildFile; fileRef = 94540B19160597DD00C84C5D /* RandomBug.m */; };
		94540B1F160597DD00C84C5D /* RandomBugJsonSerializer.m in Sources */ = {isa = PBXBuildFile; fileRef = 94540B1B160597DD00C84C5D /* RandomBugJsonSerializer.m */; };
		94540B21160597FF00C84C5D /* main.m in Sources */ = {isa = PBXBuildFile; fileRef = 94540B20160597FF00C84C5D /* main.m */; };
		949034E71610E13F0003C023 /* Cocoa.framework in Frameworks */ = {isa = PBXBuildFile; fileRef = 949034701610C6880003C023 /* Cocoa.framework */; };
		949034ED1610E13F0003C023 /* InfoPlist.strings in Resources */ = {isa = PBXBuildFile; fileRef = 949034EB1610E13F0003C023 /* InfoPlist.strings */; };
		949034EF1610E13F0003C023 /* main.m in Sources */ = {isa = PBXBuildFile; fileRef = 949034EE1610E13F0003C023 /* main.m */; };
		949034F31610E13F0003C023 /* Credits.rtf in Resources */ = {isa = PBXBuildFile; fileRef = 949034F11610E13F0003C023 /* Credits.rtf */; };
		949034F61610E13F0003C023 /* AppDelegate.m in Sources */ = {isa = PBXBuildFile; fileRef = 949034F51610E13F0003C023 /* AppDelegate.m */; };
		949034F91610E13F0003C023 /* MainMenu.xib in Resources */ = {isa = PBXBuildFile; fileRef = 949034F71610E13F0003C023 /* MainMenu.xib */; };
		949035011610E13F0003C023 /* SenTestingKit.framework in Frameworks */ = {isa = PBXBuildFile; fileRef = 949035001610E13F0003C023 /* SenTestingKit.framework */; };
		949035021610E13F0003C023 /* Cocoa.framework in Frameworks */ = {isa = PBXBuildFile; fileRef = 949034701610C6880003C023 /* Cocoa.framework */; };
		9490350A1610E13F0003C023 /* InfoPlist.strings in Resources */ = {isa = PBXBuildFile; fileRef = 949035081610E13F0003C023 /* InfoPlist.strings */; };
		9490350D1610E13F0003C023 /* InfectableBugRendererTests.m in Sources */ = {isa = PBXBuildFile; fileRef = 9490350C1610E13F0003C023 /* InfectableBugRendererTests.m */; };
		949035171610E2AF0003C023 /* MasterViewController.m in Sources */ = {isa = PBXBuildFile; fileRef = 949035151610E2AF0003C023 /* MasterViewController.m */; };
		949035181610E2AF0003C023 /* MasterViewController.xib in Resources */ = {isa = PBXBuildFile; fileRef = 949035161610E2AF0003C023 /* MasterViewController.xib */; };
		9490351B1611067F0003C023 /* WorldView.m in Sources */ = {isa = PBXBuildFile; fileRef = 9490351A1611067F0003C023 /* WorldView.m */; };
		9490354816112CC80003C023 /* Bug.m in Sources */ = {isa = PBXBuildFile; fileRef = 9490353716112CC80003C023 /* Bug.m */; };
		9490354916112CC80003C023 /* BugToStringSerializer.m in Sources */ = {isa = PBXBuildFile; fileRef = 9490353A16112CC80003C023 /* BugToStringSerializer.m */; };
		9490354A16112CC80003C023 /* JsonInterceptor.m in Sources */ = {isa = PBXBuildFile; fileRef = 9490353D16112CC80003C023 /* JsonInterceptor.m */; };
		9490354B16112CC80003C023 /* NSMutableArray+Shuffle.m in Sources */ = {isa = PBXBuildFile; fileRef = 9490353F16112CC80003C023 /* NSMutableArray+Shuffle.m */; };
		9490354C16112CC80003C023 /* SerializerFormat.m in Sources */ = {isa = PBXBuildFile; fileRef = 9490354116112CC80003C023 /* SerializerFormat.m */; };
		9490354D16112CC80003C023 /* SerializerFormats.m in Sources */ = {isa = PBXBuildFile; fileRef = 9490354416112CC80003C023 /* SerializerFormats.m */; };
		9490354E16112CC80003C023 /* World.m in Sources */ = {isa = PBXBuildFile; fileRef = 9490354716112CC80003C023 /* World.m */; };
		9490355916112CD90003C023 /* InfectableBug.m in Sources */ = {isa = PBXBuildFile; fileRef = 9490355216112CD90003C023 /* InfectableBug.m */; };
		9490355A16112CD90003C023 /* InfectableBugJsonSerializer.m in Sources */ = {isa = PBXBuildFile; fileRef = 9490355416112CD90003C023 /* InfectableBugJsonSerializer.m */; };
		9490355B16112CD90003C023 /* RandomBug.m in Sources */ = {isa = PBXBuildFile; fileRef = 9490355616112CD90003C023 /* RandomBug.m */; };
		9490355C16112CD90003C023 /* RandomBugJsonSerializer.m in Sources */ = {isa = PBXBuildFile; fileRef = 9490355816112CD90003C023 /* RandomBugJsonSerializer.m */; };
		94DFF86B161A468100D94B2E /* Cocoa.framework in Frameworks */ = {isa = PBXBuildFile; fileRef = 949034701610C6880003C023 /* Cocoa.framework */; };
		94DFF871161A468100D94B2E /* InfoPlist.strings in Resources */ = {isa = PBXBuildFile; fileRef = 94DFF86F161A468100D94B2E /* InfoPlist.strings */; };
		94DFF873161A468100D94B2E /* main.m in Sources */ = {isa = PBXBuildFile; fileRef = 94DFF872161A468100D94B2E /* main.m */; };
		94DFF877161A468100D94B2E /* Credits.rtf in Resources */ = {isa = PBXBuildFile; fileRef = 94DFF875161A468100D94B2E /* Credits.rtf */; };
		94DFF87A161A468100D94B2E /* AppDelegate.m in Sources */ = {isa = PBXBuildFile; fileRef = 94DFF879161A468100D94B2E /* AppDelegate.m */; };
		94DFF87D161A468100D94B2E /* MainMenu.xib in Resources */ = {isa = PBXBuildFile; fileRef = 94DFF87B161A468100D94B2E /* MainMenu.xib */; };
		94DFF88E161A46AA00D94B2E /* InfectableBug.m in Sources */ = {isa = PBXBuildFile; fileRef = 94DFF884161A46AA00D94B2E /* InfectableBug.m */; };
		94DFF88F161A46AA00D94B2E /* InfectableBugJsonSerializer.m in Sources */ = {isa = PBXBuildFile; fileRef = 94DFF886161A46AA00D94B2E /* InfectableBugJsonSerializer.m */; };
		94DFF890161A46AA00D94B2E /* InfectableNonLinearBug.m in Sources */ = {isa = PBXBuildFile; fileRef = 94DFF888161A46AA00D94B2E /* InfectableNonLinearBug.m */; };
		94DFF891161A46AA00D94B2E /* RandomBug.m in Sources */ = {isa = PBXBuildFile; fileRef = 94DFF88B161A46AA00D94B2E /* RandomBug.m */; };
		94DFF892161A46AA00D94B2E /* RandomBugJsonSerializer.m in Sources */ = {isa = PBXBuildFile; fileRef = 94DFF88D161A46AA00D94B2E /* RandomBugJsonSerializer.m */; };
		94DFF8A6161A46C000D94B2E /* Bug.m in Sources */ = {isa = PBXBuildFile; fileRef = 94DFF895161A46C000D94B2E /* Bug.m */; };
		94DFF8A7161A46C000D94B2E /* BugToStringSerializer.m in Sources */ = {isa = PBXBuildFile; fileRef = 94DFF898161A46C000D94B2E /* BugToStringSerializer.m */; };
		94DFF8A8161A46C000D94B2E /* JsonInterceptor.m in Sources */ = {isa = PBXBuildFile; fileRef = 94DFF89B161A46C000D94B2E /* JsonInterceptor.m */; };
		94DFF8A9161A46C000D94B2E /* NSMutableArray+Shuffle.m in Sources */ = {isa = PBXBuildFile; fileRef = 94DFF89D161A46C000D94B2E /* NSMutableArray+Shuffle.m */; };
		94DFF8AA161A46C000D94B2E /* SerializerFormat.m in Sources */ = {isa = PBXBuildFile; fileRef = 94DFF89F161A46C000D94B2E /* SerializerFormat.m */; };
		94DFF8AB161A46C000D94B2E /* SerializerFormats.m in Sources */ = {isa = PBXBuildFile; fileRef = 94DFF8A2161A46C000D94B2E /* SerializerFormats.m */; };
		94DFF8AC161A46C000D94B2E /* World.m in Sources */ = {isa = PBXBuildFile; fileRef = 94DFF8A5161A46C000D94B2E /* World.m */; };
		94DFF8B0161A473200D94B2E /* MasterViewController.m in Sources */ = {isa = PBXBuildFile; fileRef = 94DFF8AE161A473200D94B2E /* MasterViewController.m */; };
		94DFF8B1161A473200D94B2E /* MasterViewController.xib in Resources */ = {isa = PBXBuildFile; fileRef = 94DFF8AF161A473200D94B2E /* MasterViewController.xib */; };
		94DFF8B4161A484E00D94B2E /* InfectableNonLinearBugView.m in Sources */ = {isa = PBXBuildFile; fileRef = 94DFF8B3161A484E00D94B2E /* InfectableNonLinearBugView.m */; };
/* End PBXBuildFile section */

/* Begin PBXContainerItemProxy section */
		949035031610E13F0003C023 /* PBXContainerItemProxy */ = {
			isa = PBXContainerItemProxy;
			containerPortal = 94540AE2160597A200C84C5D /* Project object */;
			proxyType = 1;
			remoteGlobalIDString = 949034E41610E13F0003C023;
			remoteInfo = InfectableBugRenderer;
		};
/* End PBXContainerItemProxy section */

/* Begin PBXCopyFilesBuildPhase section */
		94540AE9160597A200C84C5D /* CopyFiles */ = {
			isa = PBXCopyFilesBuildPhase;
			buildActionMask = 2147483647;
			dstPath = /usr/share/man/man1/;
			dstSubfolderSpec = 0;
			files = (
				94540AF7160597A200C84C5D /* Bhumi.1 in CopyFiles */,
				6B058B15A5AA0C4E691B1EC2 /* InterceptorProtocol.h in CopyFiles */,
				6B0582DC07106CC9FCE5AF6D /* JsonInterceptor.h in CopyFiles */,
				6B0589E02A71981D78E92D88 /* InfectableBugJsonSerializer.h in CopyFiles */,
				6B0586E0272607862558930E /* SerializerFormatProtocol.h in CopyFiles */,
				6B058AB649158FE493D07861 /* SerializerFormats.h in CopyFiles */,
				6B058DAF53A2866333673E01 /* SerializerFormat.h in CopyFiles */,
				6B0583BC71FD3045EC2FBD7F /* InfectableNonLinearBug.h in CopyFiles */,
				6B058E52826EC982EDAEFC73 /* InfectableNonLinearBugState.h in CopyFiles */,
			);
			runOnlyForDeploymentPostprocessing = 1;
		};
/* End PBXCopyFilesBuildPhase section */

/* Begin PBXFileReference section */
		6B05811583F39F908FBA6D64 /* SerializerFormat.h */ = {isa = PBXFileReference; fileEncoding = 4; lastKnownFileType = sourcecode.c.h; path = SerializerFormat.h; sourceTree = "<group>"; };
		6B05819E10C48939D564AC39 /* InfectableNonLinearBug.h */ = {isa = PBXFileReference; fileEncoding = 4; lastKnownFileType = sourcecode.c.h; path = InfectableNonLinearBug.h; sourceTree = "<group>"; };
		6B05848034A81742508DB281 /* SerializerFormats.h */ = {isa = PBXFileReference; fileEncoding = 4; lastKnownFileType = sourcecode.c.h; path = SerializerFormats.h; sourceTree = "<group>"; };
		6B0585821B1D8C5FD42C2B62 /* InfectableBugJsonSerializer.h */ = {isa = PBXFileReference; fileEncoding = 4; lastKnownFileType = sourcecode.c.h; path = InfectableBugJsonSerializer.h; sourceTree = "<group>"; };
		6B05859CDC4C524C3E1BAA0B /* SerializerFormatProtocol.h */ = {isa = PBXFileReference; fileEncoding = 4; lastKnownFileType = sourcecode.c.h; path = SerializerFormatProtocol.h; sourceTree = "<group>"; };
		6B058739FAB34A99AAB5A8F9 /* InfectableBugJsonSerializer.m */ = {isa = PBXFileReference; fileEncoding = 4; lastKnownFileType = sourcecode.c.objc; path = InfectableBugJsonSerializer.m; sourceTree = "<group>"; };
		6B0588E75C9538422DEB9BEA /* JsonInterceptor.h */ = {isa = PBXFileReference; fileEncoding = 4; lastKnownFileType = sourcecode.c.h; path = JsonInterceptor.h; sourceTree = "<group>"; };
		6B058C05B68F854FD728DF25 /* InfectableNonLinearBug.m */ = {isa = PBXFileReference; fileEncoding = 4; lastKnownFileType = sourcecode.c.objc; path = InfectableNonLinearBug.m; sourceTree = "<group>"; };
		6B058C4C6B04BACA705B0FEE /* JsonInterceptor.m */ = {isa = PBXFileReference; fileEncoding = 4; lastKnownFileType = sourcecode.c.objc; path = JsonInterceptor.m; sourceTree = "<group>"; };
		6B058DD9CAAE7C8F6C641C02 /* InterceptorProtocol.h */ = {isa = PBXFileReference; fileEncoding = 4; lastKnownFileType = sourcecode.c.h; path = InterceptorProtocol.h; sourceTree = "<group>"; };
		6B058E2CB7B81A079954D901 /* SerializerFormats.m */ = {isa = PBXFileReference; fileEncoding = 4; lastKnownFileType = sourcecode.c.objc; path = SerializerFormats.m; sourceTree = "<group>"; };
		6B058E715CE975295EADB6B1 /* SerializerFormat.m */ = {isa = PBXFileReference; fileEncoding = 4; lastKnownFileType = sourcecode.c.objc; path = SerializerFormat.m; sourceTree = "<group>"; };
		6B058EA20CA9E4C867AC017F /* InfectableNonLinearBugState.h */ = {isa = PBXFileReference; fileEncoding = 4; lastKnownFileType = sourcecode.c.h; path = InfectableNonLinearBugState.h; sourceTree = "<group>"; };
		943DD034163C75220009F4E1 /* UIKit.framework */ = {isa = PBXFileReference; lastKnownFileType = wrapper.framework; name = UIKit.framework; path = Library/Frameworks/UIKit.framework; sourceTree = DEVELOPER_DIR; };
		943DD037163C75220009F4E1 /* CoreGraphics.framework */ = {isa = PBXFileReference; lastKnownFileType = wrapper.framework; name = CoreGraphics.framework; path = Library/Frameworks/CoreGraphics.framework; sourceTree = DEVELOPER_DIR; };
		943DD0B1163C76800009F4E1 /* GLKit.framework */ = {isa = PBXFileReference; lastKnownFileType = wrapper.framework; name = GLKit.framework; path = System/Library/Frameworks/GLKit.framework; sourceTree = SDKROOT; };
		943DD0B3163C76800009F4E1 /* OpenGLES.framework */ = {isa = PBXFileReference; lastKnownFileType = wrapper.framework; name = OpenGLES.framework; path = Library/Frameworks/OpenGLES.framework; sourceTree = DEVELOPER_DIR; };
		943DD118163C77F70009F4E1 /* InfectableNonLinearBugMobileRenderer.app */ = {isa = PBXFileReference; explicitFileType = wrapper.application; includeInIndex = 0; path = InfectableNonLinearBugMobileRenderer.app; sourceTree = BUILT_PRODUCTS_DIR; };
		943DD11F163C77F80009F4E1 /* InfectableNonLinearBugMobileRenderer-Info.plist */ = {isa = PBXFileReference; lastKnownFileType = text.plist.xml; path = "InfectableNonLinearBugMobileRenderer-Info.plist"; sourceTree = "<group>"; };
		943DD121163C77F80009F4E1 /* en */ = {isa = PBXFileReference; lastKnownFileType = text.plist.strings; name = en; path = en.lproj/InfoPlist.strings; sourceTree = "<group>"; };
		943DD123163C77F80009F4E1 /* main.m */ = {isa = PBXFileReference; lastKnownFileType = sourcecode.c.objc; path = main.m; sourceTree = "<group>"; };
		943DD125163C77F80009F4E1 /* InfectableNonLinearBugMobileRenderer-Prefix.pch */ = {isa = PBXFileReference; lastKnownFileType = sourcecode.c.h; path = "InfectableNonLinearBugMobileRenderer-Prefix.pch"; sourceTree = "<group>"; };
		943DD126163C77F80009F4E1 /* AppDelegate.h */ = {isa = PBXFileReference; lastKnownFileType = sourcecode.c.h; path = AppDelegate.h; sourceTree = "<group>"; };
		943DD127163C77F80009F4E1 /* AppDelegate.m */ = {isa = PBXFileReference; lastKnownFileType = sourcecode.c.objc; path = AppDelegate.m; sourceTree = "<group>"; };
		943DD12A163C77F80009F4E1 /* en */ = {isa = PBXFileReference; lastKnownFileType = file.storyboard; name = en; path = en.lproj/MainStoryboard.storyboard; sourceTree = "<group>"; };
		943DD12C163C77F80009F4E1 /* ViewController.h */ = {isa = PBXFileReference; lastKnownFileType = sourcecode.c.h; path = ViewController.h; sourceTree = "<group>"; };
		943DD12D163C77F80009F4E1 /* ViewController.m */ = {isa = PBXFileReference; lastKnownFileType = sourcecode.c.objc; path = ViewController.m; sourceTree = "<group>"; };
		943DD133163C78680009F4E1 /* InfectableBug.h */ = {isa = PBXFileReference; fileEncoding = 4; lastKnownFileType = sourcecode.c.h; path = InfectableBug.h; sourceTree = "<group>"; };
		943DD134163C78680009F4E1 /* InfectableBug.m */ = {isa = PBXFileReference; fileEncoding = 4; lastKnownFileType = sourcecode.c.objc; path = InfectableBug.m; sourceTree = "<group>"; };
		943DD135163C78680009F4E1 /* InfectableBugJsonSerializer.h */ = {isa = PBXFileReference; fileEncoding = 4; lastKnownFileType = sourcecode.c.h; path = InfectableBugJsonSerializer.h; sourceTree = "<group>"; };
		943DD136163C78680009F4E1 /* InfectableBugJsonSerializer.m */ = {isa = PBXFileReference; fileEncoding = 4; lastKnownFileType = sourcecode.c.objc; path = InfectableBugJsonSerializer.m; sourceTree = "<group>"; };
		943DD137163C78680009F4E1 /* InfectableNonLinearBug.h */ = {isa = PBXFileReference; fileEncoding = 4; lastKnownFileType = sourcecode.c.h; path = InfectableNonLinearBug.h; sourceTree = "<group>"; };
		943DD138163C78680009F4E1 /* InfectableNonLinearBug.m */ = {isa = PBXFileReference; fileEncoding = 4; lastKnownFileType = sourcecode.c.objc; path = InfectableNonLinearBug.m; sourceTree = "<group>"; };
		943DD139163C78680009F4E1 /* InfectableNonLinearBugState.h */ = {isa = PBXFileReference; fileEncoding = 4; lastKnownFileType = sourcecode.c.h; path = InfectableNonLinearBugState.h; sourceTree = "<group>"; };
		943DD13A163C78680009F4E1 /* RandomBug.h */ = {isa = PBXFileReference; fileEncoding = 4; lastKnownFileType = sourcecode.c.h; path = RandomBug.h; sourceTree = "<group>"; };
		943DD13B163C78680009F4E1 /* RandomBug.m */ = {isa = PBXFileReference; fileEncoding = 4; lastKnownFileType = sourcecode.c.objc; path = RandomBug.m; sourceTree = "<group>"; };
		943DD13C163C78680009F4E1 /* RandomBugJsonSerializer.h */ = {isa = PBXFileReference; fileEncoding = 4; lastKnownFileType = sourcecode.c.h; path = RandomBugJsonSerializer.h; sourceTree = "<group>"; };
		943DD13D163C78680009F4E1 /* RandomBugJsonSerializer.m */ = {isa = PBXFileReference; fileEncoding = 4; lastKnownFileType = sourcecode.c.objc; path = RandomBugJsonSerializer.m; sourceTree = "<group>"; };
		943DD144163C78780009F4E1 /* Bug.h */ = {isa = PBXFileReference; fileEncoding = 4; lastKnownFileType = sourcecode.c.h; path = Bug.h; sourceTree = "<group>"; };
		943DD145163C78780009F4E1 /* Bug.m */ = {isa = PBXFileReference; fileEncoding = 4; lastKnownFileType = sourcecode.c.objc; path = Bug.m; sourceTree = "<group>"; };
		943DD146163C78780009F4E1 /* BugProtocol.h */ = {isa = PBXFileReference; fileEncoding = 4; lastKnownFileType = sourcecode.c.h; path = BugProtocol.h; sourceTree = "<group>"; };
		943DD147163C78780009F4E1 /* BugToStringSerializer.h */ = {isa = PBXFileReference; fileEncoding = 4; lastKnownFileType = sourcecode.c.h; path = BugToStringSerializer.h; sourceTree = "<group>"; };
		943DD148163C78780009F4E1 /* BugToStringSerializer.m */ = {isa = PBXFileReference; fileEncoding = 4; lastKnownFileType = sourcecode.c.objc; path = BugToStringSerializer.m; sourceTree = "<group>"; };
		943DD149163C78780009F4E1 /* InterceptorProtocol.h */ = {isa = PBXFileReference; fileEncoding = 4; lastKnownFileType = sourcecode.c.h; path = InterceptorProtocol.h; sourceTree = "<group>"; };
		943DD14A163C78780009F4E1 /* JsonInterceptor.h */ = {isa = PBXFileReference; fileEncoding = 4; lastKnownFileType = sourcecode.c.h; path = JsonInterceptor.h; sourceTree = "<group>"; };
		943DD14B163C78780009F4E1 /* JsonInterceptor.m */ = {isa = PBXFileReference; fileEncoding = 4; lastKnownFileType = sourcecode.c.objc; path = JsonInterceptor.m; sourceTree = "<group>"; };
		943DD14C163C78780009F4E1 /* NSMutableArray+Shuffle.h */ = {isa = PBXFileReference; fileEncoding = 4; lastKnownFileType = sourcecode.c.h; path = "NSMutableArray+Shuffle.h"; sourceTree = "<group>"; };
		943DD14D163C78780009F4E1 /* NSMutableArray+Shuffle.m */ = {isa = PBXFileReference; fileEncoding = 4; lastKnownFileType = sourcecode.c.objc; path = "NSMutableArray+Shuffle.m"; sourceTree = "<group>"; };
		943DD14E163C78780009F4E1 /* SerializerFormat.h */ = {isa = PBXFileReference; fileEncoding = 4; lastKnownFileType = sourcecode.c.h; path = SerializerFormat.h; sourceTree = "<group>"; };
		943DD14F163C78780009F4E1 /* SerializerFormat.m */ = {isa = PBXFileReference; fileEncoding = 4; lastKnownFileType = sourcecode.c.objc; path = SerializerFormat.m; sourceTree = "<group>"; };
		943DD150163C78780009F4E1 /* SerializerFormatProtocol.h */ = {isa = PBXFileReference; fileEncoding = 4; lastKnownFileType = sourcecode.c.h; path = SerializerFormatProtocol.h; sourceTree = "<group>"; };
		943DD151163C78780009F4E1 /* SerializerFormats.h */ = {isa = PBXFileReference; fileEncoding = 4; lastKnownFileType = sourcecode.c.h; path = SerializerFormats.h; sourceTree = "<group>"; };
		943DD152163C78780009F4E1 /* SerializerFormats.m */ = {isa = PBXFileReference; fileEncoding = 4; lastKnownFileType = sourcecode.c.objc; path = SerializerFormats.m; sourceTree = "<group>"; };
		943DD153163C78780009F4E1 /* ToStringSerializerProtocol.h */ = {isa = PBXFileReference; fileEncoding = 4; lastKnownFileType = sourcecode.c.h; path = ToStringSerializerProtocol.h; sourceTree = "<group>"; };
		943DD154163C78780009F4E1 /* World.h */ = {isa = PBXFileReference; fileEncoding = 4; lastKnownFileType = sourcecode.c.h; path = World.h; sourceTree = "<group>"; };
		943DD155163C78780009F4E1 /* World.m */ = {isa = PBXFileReference; fileEncoding = 4; lastKnownFileType = sourcecode.c.objc; path = World.m; sourceTree = "<group>"; };
		943DD15F163C79430009F4E1 /* InfectableNonLinearBugMobileView.h */ = {isa = PBXFileReference; fileEncoding = 4; lastKnownFileType = sourcecode.c.h; path = InfectableNonLinearBugMobileView.h; sourceTree = "<group>"; };
		943DD160163C79430009F4E1 /* InfectableNonLinearBugMobileView.m */ = {isa = PBXFileReference; fileEncoding = 4; lastKnownFileType = sourcecode.c.objc; path = InfectableNonLinearBugMobileView.m; sourceTree = "<group>"; };
		943DD16A163C7F7E0009F4E1 /* UIKit.framework */ = {isa = PBXFileReference; lastKnownFileType = wrapper.framework; name = UIKit.framework; path = Platforms/iPhoneOS.platform/Developer/SDKs/iPhoneOS5.1.sdk/System/Library/Frameworks/UIKit.framework; sourceTree = DEVELOPER_DIR; };
		943DD16C163C7F860009F4E1 /* CoreGraphics.framework */ = {isa = PBXFileReference; lastKnownFileType = wrapper.framework; name = CoreGraphics.framework; path = Platforms/iPhoneOS.platform/Developer/SDKs/iPhoneOS5.1.sdk/System/Library/Frameworks/CoreGraphics.framework; sourceTree = DEVELOPER_DIR; };
		94540AEB160597A200C84C5D /* Bhumi */ = {isa = PBXFileReference; explicitFileType = "compiled.mach-o.executable"; includeInIndex = 0; path = Bhumi; sourceTree = BUILT_PRODUCTS_DIR; };
		94540AEF160597A200C84C5D /* Foundation.framework */ = {isa = PBXFileReference; lastKnownFileType = wrapper.framework; name = Foundation.framework; path = System/Library/Frameworks/Foundation.framework; sourceTree = SDKROOT; };
		94540AF5160597A200C84C5D /* Bhumi-Prefix.pch */ = {isa = PBXFileReference; lastKnownFileType = sourcecode.c.h; path = "Bhumi-Prefix.pch"; sourceTree = "<group>"; };
		94540AF6160597A200C84C5D /* Bhumi.1 */ = {isa = PBXFileReference; lastKnownFileType = text.man; path = Bhumi.1; sourceTree = "<group>"; };
		94540AFE160597C500C84C5D /* Bug.h */ = {isa = PBXFileReference; fileEncoding = 4; lastKnownFileType = sourcecode.c.h; path = Bug.h; sourceTree = "<group>"; };
		94540AFF160597C500C84C5D /* Bug.m */ = {isa = PBXFileReference; fileEncoding = 4; lastKnownFileType = sourcecode.c.objc; path = Bug.m; sourceTree = "<group>"; };
		94540B00160597C500C84C5D /* BugProtocol.h */ = {isa = PBXFileReference; fileEncoding = 4; lastKnownFileType = sourcecode.c.h; path = BugProtocol.h; sourceTree = "<group>"; };
		94540B01160597C500C84C5D /* BugToStringSerializer.h */ = {isa = PBXFileReference; fileEncoding = 4; lastKnownFileType = sourcecode.c.h; path = BugToStringSerializer.h; sourceTree = "<group>"; };
		94540B02160597C500C84C5D /* BugToStringSerializer.m */ = {isa = PBXFileReference; fileEncoding = 4; lastKnownFileType = sourcecode.c.objc; path = BugToStringSerializer.m; sourceTree = "<group>"; };
		94540B03160597C500C84C5D /* NSMutableArray+Shuffle.h */ = {isa = PBXFileReference; fileEncoding = 4; lastKnownFileType = sourcecode.c.h; path = "NSMutableArray+Shuffle.h"; sourceTree = "<group>"; };
		94540B04160597C500C84C5D /* NSMutableArray+Shuffle.m */ = {isa = PBXFileReference; fileEncoding = 4; lastKnownFileType = sourcecode.c.objc; path = "NSMutableArray+Shuffle.m"; sourceTree = "<group>"; };
		94540B06160597C500C84C5D /* ToStringSerializerProtocol.h */ = {isa = PBXFileReference; fileEncoding = 4; lastKnownFileType = sourcecode.c.h; path = ToStringSerializerProtocol.h; sourceTree = "<group>"; };
		94540B07160597C500C84C5D /* World.h */ = {isa = PBXFileReference; fileEncoding = 4; lastKnownFileType = sourcecode.c.h; path = World.h; sourceTree = "<group>"; };
		94540B08160597C500C84C5D /* World.m */ = {isa = PBXFileReference; fileEncoding = 4; lastKnownFileType = sourcecode.c.objc; path = World.m; sourceTree = "<group>"; };
		94540B14160597DD00C84C5D /* InfectableBug.h */ = {isa = PBXFileReference; fileEncoding = 4; lastKnownFileType = sourcecode.c.h; path = InfectableBug.h; sourceTree = "<group>"; };
		94540B15160597DD00C84C5D /* InfectableBug.m */ = {isa = PBXFileReference; fileEncoding = 4; lastKnownFileType = sourcecode.c.objc; path = InfectableBug.m; sourceTree = "<group>"; };
		94540B18160597DD00C84C5D /* RandomBug.h */ = {isa = PBXFileReference; fileEncoding = 4; lastKnownFileType = sourcecode.c.h; path = RandomBug.h; sourceTree = "<group>"; };
		94540B19160597DD00C84C5D /* RandomBug.m */ = {isa = PBXFileReference; fileEncoding = 4; lastKnownFileType = sourcecode.c.objc; path = RandomBug.m; sourceTree = "<group>"; };
		94540B1A160597DD00C84C5D /* RandomBugJsonSerializer.h */ = {isa = PBXFileReference; fileEncoding = 4; lastKnownFileType = sourcecode.c.h; path = RandomBugJsonSerializer.h; sourceTree = "<group>"; };
		94540B1B160597DD00C84C5D /* RandomBugJsonSerializer.m */ = {isa = PBXFileReference; fileEncoding = 4; lastKnownFileType = sourcecode.c.objc; path = RandomBugJsonSerializer.m; sourceTree = "<group>"; };
		94540B20160597FF00C84C5D /* main.m */ = {isa = PBXFileReference; fileEncoding = 4; lastKnownFileType = sourcecode.c.objc; name = main.m; path = ../../src/objc/main.m; sourceTree = "<group>"; };
		949034701610C6880003C023 /* Cocoa.framework */ = {isa = PBXFileReference; lastKnownFileType = wrapper.framework; name = Cocoa.framework; path = System/Library/Frameworks/Cocoa.framework; sourceTree = SDKROOT; };
		949034731610C6880003C023 /* AppKit.framework */ = {isa = PBXFileReference; lastKnownFileType = wrapper.framework; name = AppKit.framework; path = System/Library/Frameworks/AppKit.framework; sourceTree = SDKROOT; };
		949034741610C6880003C023 /* CoreData.framework */ = {isa = PBXFileReference; lastKnownFileType = wrapper.framework; name = CoreData.framework; path = System/Library/Frameworks/CoreData.framework; sourceTree = SDKROOT; };
		949034751610C6880003C023 /* Foundation.framework */ = {isa = PBXFileReference; lastKnownFileType = wrapper.framework; name = Foundation.framework; path = System/Library/Frameworks/Foundation.framework; sourceTree = SDKROOT; };
		949034A31610C6D60003C023 /* Quartz.framework */ = {isa = PBXFileReference; lastKnownFileType = wrapper.framework; name = Quartz.framework; path = System/Library/Frameworks/Quartz.framework; sourceTree = SDKROOT; };
		949034E51610E13F0003C023 /* InfectableBugRenderer.app */ = {isa = PBXFileReference; explicitFileType = wrapper.application; includeInIndex = 0; path = InfectableBugRenderer.app; sourceTree = BUILT_PRODUCTS_DIR; };
		949034EA1610E13F0003C023 /* InfectableBugRenderer-Info.plist */ = {isa = PBXFileReference; lastKnownFileType = text.plist.xml; path = "InfectableBugRenderer-Info.plist"; sourceTree = "<group>"; };
		949034EC1610E13F0003C023 /* en */ = {isa = PBXFileReference; lastKnownFileType = text.plist.strings; name = en; path = en.lproj/InfoPlist.strings; sourceTree = "<group>"; };
		949034EE1610E13F0003C023 /* main.m */ = {isa = PBXFileReference; lastKnownFileType = sourcecode.c.objc; path = main.m; sourceTree = "<group>"; };
		949034F01610E13F0003C023 /* InfectableBugRenderer-Prefix.pch */ = {isa = PBXFileReference; lastKnownFileType = sourcecode.c.h; path = "InfectableBugRenderer-Prefix.pch"; sourceTree = "<group>"; };
		949034F21610E13F0003C023 /* en */ = {isa = PBXFileReference; lastKnownFileType = text.rtf; name = en; path = en.lproj/Credits.rtf; sourceTree = "<group>"; };
		949034F41610E13F0003C023 /* AppDelegate.h */ = {isa = PBXFileReference; lastKnownFileType = sourcecode.c.h; path = AppDelegate.h; sourceTree = "<group>"; };
		949034F51610E13F0003C023 /* AppDelegate.m */ = {isa = PBXFileReference; lastKnownFileType = sourcecode.c.objc; path = AppDelegate.m; sourceTree = "<group>"; };
		949034F81610E13F0003C023 /* en */ = {isa = PBXFileReference; lastKnownFileType = file.xib; name = en; path = en.lproj/MainMenu.xib; sourceTree = "<group>"; };
		949034FF1610E13F0003C023 /* InfectableBugRendererTests.octest */ = {isa = PBXFileReference; explicitFileType = wrapper.cfbundle; includeInIndex = 0; path = InfectableBugRendererTests.octest; sourceTree = BUILT_PRODUCTS_DIR; };
		949035001610E13F0003C023 /* SenTestingKit.framework */ = {isa = PBXFileReference; lastKnownFileType = wrapper.framework; name = SenTestingKit.framework; path = Library/Frameworks/SenTestingKit.framework; sourceTree = DEVELOPER_DIR; };
		949035071610E13F0003C023 /* InfectableBugRendererTests-Info.plist */ = {isa = PBXFileReference; lastKnownFileType = text.plist.xml; path = "InfectableBugRendererTests-Info.plist"; sourceTree = "<group>"; };
		949035091610E13F0003C023 /* en */ = {isa = PBXFileReference; lastKnownFileType = text.plist.strings; name = en; path = en.lproj/InfoPlist.strings; sourceTree = "<group>"; };
		9490350B1610E13F0003C023 /* InfectableBugRendererTests.h */ = {isa = PBXFileReference; lastKnownFileType = sourcecode.c.h; path = InfectableBugRendererTests.h; sourceTree = "<group>"; };
		9490350C1610E13F0003C023 /* InfectableBugRendererTests.m */ = {isa = PBXFileReference; lastKnownFileType = sourcecode.c.objc; path = InfectableBugRendererTests.m; sourceTree = "<group>"; };
		949035141610E2AF0003C023 /* MasterViewController.h */ = {isa = PBXFileReference; fileEncoding = 4; lastKnownFileType = sourcecode.c.h; path = MasterViewController.h; sourceTree = "<group>"; };
		949035151610E2AF0003C023 /* MasterViewController.m */ = {isa = PBXFileReference; fileEncoding = 4; lastKnownFileType = sourcecode.c.objc; path = MasterViewController.m; sourceTree = "<group>"; };
		949035161610E2AF0003C023 /* MasterViewController.xib */ = {isa = PBXFileReference; fileEncoding = 4; lastKnownFileType = file.xib; path = MasterViewController.xib; sourceTree = "<group>"; };
		949035191611067F0003C023 /* WorldView.h */ = {isa = PBXFileReference; fileEncoding = 4; lastKnownFileType = sourcecode.c.h; path = WorldView.h; sourceTree = "<group>"; };
		9490351A1611067F0003C023 /* WorldView.m */ = {isa = PBXFileReference; fileEncoding = 4; lastKnownFileType = sourcecode.c.objc; path = WorldView.m; sourceTree = "<group>"; };
		9490353616112CC80003C023 /* Bug.h */ = {isa = PBXFileReference; fileEncoding = 4; lastKnownFileType = sourcecode.c.h; path = Bug.h; sourceTree = "<group>"; };
		9490353716112CC80003C023 /* Bug.m */ = {isa = PBXFileReference; fileEncoding = 4; lastKnownFileType = sourcecode.c.objc; path = Bug.m; sourceTree = "<group>"; };
		9490353816112CC80003C023 /* BugProtocol.h */ = {isa = PBXFileReference; fileEncoding = 4; lastKnownFileType = sourcecode.c.h; path = BugProtocol.h; sourceTree = "<group>"; };
		9490353916112CC80003C023 /* BugToStringSerializer.h */ = {isa = PBXFileReference; fileEncoding = 4; lastKnownFileType = sourcecode.c.h; path = BugToStringSerializer.h; sourceTree = "<group>"; };
		9490353A16112CC80003C023 /* BugToStringSerializer.m */ = {isa = PBXFileReference; fileEncoding = 4; lastKnownFileType = sourcecode.c.objc; path = BugToStringSerializer.m; sourceTree = "<group>"; };
		9490353B16112CC80003C023 /* InterceptorProtocol.h */ = {isa = PBXFileReference; fileEncoding = 4; lastKnownFileType = sourcecode.c.h; path = InterceptorProtocol.h; sourceTree = "<group>"; };
		9490353C16112CC80003C023 /* JsonInterceptor.h */ = {isa = PBXFileReference; fileEncoding = 4; lastKnownFileType = sourcecode.c.h; path = JsonInterceptor.h; sourceTree = "<group>"; };
		9490353D16112CC80003C023 /* JsonInterceptor.m */ = {isa = PBXFileReference; fileEncoding = 4; lastKnownFileType = sourcecode.c.objc; path = JsonInterceptor.m; sourceTree = "<group>"; };
		9490353E16112CC80003C023 /* NSMutableArray+Shuffle.h */ = {isa = PBXFileReference; fileEncoding = 4; lastKnownFileType = sourcecode.c.h; path = "NSMutableArray+Shuffle.h"; sourceTree = "<group>"; };
		9490353F16112CC80003C023 /* NSMutableArray+Shuffle.m */ = {isa = PBXFileReference; fileEncoding = 4; lastKnownFileType = sourcecode.c.objc; path = "NSMutableArray+Shuffle.m"; sourceTree = "<group>"; };
		9490354016112CC80003C023 /* SerializerFormat.h */ = {isa = PBXFileReference; fileEncoding = 4; lastKnownFileType = sourcecode.c.h; path = SerializerFormat.h; sourceTree = "<group>"; };
		9490354116112CC80003C023 /* SerializerFormat.m */ = {isa = PBXFileReference; fileEncoding = 4; lastKnownFileType = sourcecode.c.objc; path = SerializerFormat.m; sourceTree = "<group>"; };
		9490354216112CC80003C023 /* SerializerFormatProtocol.h */ = {isa = PBXFileReference; fileEncoding = 4; lastKnownFileType = sourcecode.c.h; path = SerializerFormatProtocol.h; sourceTree = "<group>"; };
		9490354316112CC80003C023 /* SerializerFormats.h */ = {isa = PBXFileReference; fileEncoding = 4; lastKnownFileType = sourcecode.c.h; path = SerializerFormats.h; sourceTree = "<group>"; };
		9490354416112CC80003C023 /* SerializerFormats.m */ = {isa = PBXFileReference; fileEncoding = 4; lastKnownFileType = sourcecode.c.objc; path = SerializerFormats.m; sourceTree = "<group>"; };
		9490354516112CC80003C023 /* ToStringSerializerProtocol.h */ = {isa = PBXFileReference; fileEncoding = 4; lastKnownFileType = sourcecode.c.h; path = ToStringSerializerProtocol.h; sourceTree = "<group>"; };
		9490354616112CC80003C023 /* World.h */ = {isa = PBXFileReference; fileEncoding = 4; lastKnownFileType = sourcecode.c.h; path = World.h; sourceTree = "<group>"; };
		9490354716112CC80003C023 /* World.m */ = {isa = PBXFileReference; fileEncoding = 4; lastKnownFileType = sourcecode.c.objc; path = World.m; sourceTree = "<group>"; };
		9490355116112CD90003C023 /* InfectableBug.h */ = {isa = PBXFileReference; fileEncoding = 4; lastKnownFileType = sourcecode.c.h; path = InfectableBug.h; sourceTree = "<group>"; };
		9490355216112CD90003C023 /* InfectableBug.m */ = {isa = PBXFileReference; fileEncoding = 4; lastKnownFileType = sourcecode.c.objc; path = InfectableBug.m; sourceTree = "<group>"; };
		9490355316112CD90003C023 /* InfectableBugJsonSerializer.h */ = {isa = PBXFileReference; fileEncoding = 4; lastKnownFileType = sourcecode.c.h; path = InfectableBugJsonSerializer.h; sourceTree = "<group>"; };
		9490355416112CD90003C023 /* InfectableBugJsonSerializer.m */ = {isa = PBXFileReference; fileEncoding = 4; lastKnownFileType = sourcecode.c.objc; path = InfectableBugJsonSerializer.m; sourceTree = "<group>"; };
		9490355516112CD90003C023 /* RandomBug.h */ = {isa = PBXFileReference; fileEncoding = 4; lastKnownFileType = sourcecode.c.h; path = RandomBug.h; sourceTree = "<group>"; };
		9490355616112CD90003C023 /* RandomBug.m */ = {isa = PBXFileReference; fileEncoding = 4; lastKnownFileType = sourcecode.c.objc; path = RandomBug.m; sourceTree = "<group>"; };
		9490355716112CD90003C023 /* RandomBugJsonSerializer.h */ = {isa = PBXFileReference; fileEncoding = 4; lastKnownFileType = sourcecode.c.h; path = RandomBugJsonSerializer.h; sourceTree = "<group>"; };
		9490355816112CD90003C023 /* RandomBugJsonSerializer.m */ = {isa = PBXFileReference; fileEncoding = 4; lastKnownFileType = sourcecode.c.objc; path = RandomBugJsonSerializer.m; sourceTree = "<group>"; };
		94DFF869161A468000D94B2E /* InfectableNonLinearBugRenderer.app */ = {isa = PBXFileReference; explicitFileType = wrapper.application; includeInIndex = 0; path = InfectableNonLinearBugRenderer.app; sourceTree = BUILT_PRODUCTS_DIR; };
		94DFF86E161A468100D94B2E /* InfectableNonLinearBugRenderer-Info.plist */ = {isa = PBXFileReference; lastKnownFileType = text.plist.xml; path = "InfectableNonLinearBugRenderer-Info.plist"; sourceTree = "<group>"; };
		94DFF870161A468100D94B2E /* en */ = {isa = PBXFileReference; lastKnownFileType = text.plist.strings; name = en; path = en.lproj/InfoPlist.strings; sourceTree = "<group>"; };
		94DFF872161A468100D94B2E /* main.m */ = {isa = PBXFileReference; lastKnownFileType = sourcecode.c.objc; path = main.m; sourceTree = "<group>"; };
		94DFF874161A468100D94B2E /* InfectableNonLinearBugRenderer-Prefix.pch */ = {isa = PBXFileReference; lastKnownFileType = sourcecode.c.h; path = "InfectableNonLinearBugRenderer-Prefix.pch"; sourceTree = "<group>"; };
		94DFF876161A468100D94B2E /* en */ = {isa = PBXFileReference; lastKnownFileType = text.rtf; name = en; path = en.lproj/Credits.rtf; sourceTree = "<group>"; };
		94DFF878161A468100D94B2E /* AppDelegate.h */ = {isa = PBXFileReference; lastKnownFileType = sourcecode.c.h; path = AppDelegate.h; sourceTree = "<group>"; };
		94DFF879161A468100D94B2E /* AppDelegate.m */ = {isa = PBXFileReference; lastKnownFileType = sourcecode.c.objc; path = AppDelegate.m; sourceTree = "<group>"; };
		94DFF87C161A468100D94B2E /* en */ = {isa = PBXFileReference; lastKnownFileType = file.xib; name = en; path = en.lproj/MainMenu.xib; sourceTree = "<group>"; };
		94DFF883161A46AA00D94B2E /* InfectableBug.h */ = {isa = PBXFileReference; fileEncoding = 4; lastKnownFileType = sourcecode.c.h; path = InfectableBug.h; sourceTree = "<group>"; };
		94DFF884161A46AA00D94B2E /* InfectableBug.m */ = {isa = PBXFileReference; fileEncoding = 4; lastKnownFileType = sourcecode.c.objc; path = InfectableBug.m; sourceTree = "<group>"; };
		94DFF885161A46AA00D94B2E /* InfectableBugJsonSerializer.h */ = {isa = PBXFileReference; fileEncoding = 4; lastKnownFileType = sourcecode.c.h; path = InfectableBugJsonSerializer.h; sourceTree = "<group>"; };
		94DFF886161A46AA00D94B2E /* InfectableBugJsonSerializer.m */ = {isa = PBXFileReference; fileEncoding = 4; lastKnownFileType = sourcecode.c.objc; path = InfectableBugJsonSerializer.m; sourceTree = "<group>"; };
		94DFF887161A46AA00D94B2E /* InfectableNonLinearBug.h */ = {isa = PBXFileReference; fileEncoding = 4; lastKnownFileType = sourcecode.c.h; path = InfectableNonLinearBug.h; sourceTree = "<group>"; };
		94DFF888161A46AA00D94B2E /* InfectableNonLinearBug.m */ = {isa = PBXFileReference; fileEncoding = 4; lastKnownFileType = sourcecode.c.objc; path = InfectableNonLinearBug.m; sourceTree = "<group>"; };
		94DFF889161A46AA00D94B2E /* InfectableNonLinearBugState.h */ = {isa = PBXFileReference; fileEncoding = 4; lastKnownFileType = sourcecode.c.h; path = InfectableNonLinearBugState.h; sourceTree = "<group>"; };
		94DFF88A161A46AA00D94B2E /* RandomBug.h */ = {isa = PBXFileReference; fileEncoding = 4; lastKnownFileType = sourcecode.c.h; path = RandomBug.h; sourceTree = "<group>"; };
		94DFF88B161A46AA00D94B2E /* RandomBug.m */ = {isa = PBXFileReference; fileEncoding = 4; lastKnownFileType = sourcecode.c.objc; path = RandomBug.m; sourceTree = "<group>"; };
		94DFF88C161A46AA00D94B2E /* RandomBugJsonSerializer.h */ = {isa = PBXFileReference; fileEncoding = 4; lastKnownFileType = sourcecode.c.h; path = RandomBugJsonSerializer.h; sourceTree = "<group>"; };
		94DFF88D161A46AA00D94B2E /* RandomBugJsonSerializer.m */ = {isa = PBXFileReference; fileEncoding = 4; lastKnownFileType = sourcecode.c.objc; path = RandomBugJsonSerializer.m; sourceTree = "<group>"; };
		94DFF894161A46C000D94B2E /* Bug.h */ = {isa = PBXFileReference; fileEncoding = 4; lastKnownFileType = sourcecode.c.h; path = Bug.h; sourceTree = "<group>"; };
		94DFF895161A46C000D94B2E /* Bug.m */ = {isa = PBXFileReference; fileEncoding = 4; lastKnownFileType = sourcecode.c.objc; path = Bug.m; sourceTree = "<group>"; };
		94DFF896161A46C000D94B2E /* BugProtocol.h */ = {isa = PBXFileReference; fileEncoding = 4; lastKnownFileType = sourcecode.c.h; path = BugProtocol.h; sourceTree = "<group>"; };
		94DFF897161A46C000D94B2E /* BugToStringSerializer.h */ = {isa = PBXFileReference; fileEncoding = 4; lastKnownFileType = sourcecode.c.h; path = BugToStringSerializer.h; sourceTree = "<group>"; };
		94DFF898161A46C000D94B2E /* BugToStringSerializer.m */ = {isa = PBXFileReference; fileEncoding = 4; lastKnownFileType = sourcecode.c.objc; path = BugToStringSerializer.m; sourceTree = "<group>"; };
		94DFF899161A46C000D94B2E /* InterceptorProtocol.h */ = {isa = PBXFileReference; fileEncoding = 4; lastKnownFileType = sourcecode.c.h; path = InterceptorProtocol.h; sourceTree = "<group>"; };
		94DFF89A161A46C000D94B2E /* JsonInterceptor.h */ = {isa = PBXFileReference; fileEncoding = 4; lastKnownFileType = sourcecode.c.h; path = JsonInterceptor.h; sourceTree = "<group>"; };
		94DFF89B161A46C000D94B2E /* JsonInterceptor.m */ = {isa = PBXFileReference; fileEncoding = 4; lastKnownFileType = sourcecode.c.objc; path = JsonInterceptor.m; sourceTree = "<group>"; };
		94DFF89C161A46C000D94B2E /* NSMutableArray+Shuffle.h */ = {isa = PBXFileReference; fileEncoding = 4; lastKnownFileType = sourcecode.c.h; path = "NSMutableArray+Shuffle.h"; sourceTree = "<group>"; };
		94DFF89D161A46C000D94B2E /* NSMutableArray+Shuffle.m */ = {isa = PBXFileReference; fileEncoding = 4; lastKnownFileType = sourcecode.c.objc; path = "NSMutableArray+Shuffle.m"; sourceTree = "<group>"; };
		94DFF89E161A46C000D94B2E /* SerializerFormat.h */ = {isa = PBXFileReference; fileEncoding = 4; lastKnownFileType = sourcecode.c.h; path = SerializerFormat.h; sourceTree = "<group>"; };
		94DFF89F161A46C000D94B2E /* SerializerFormat.m */ = {isa = PBXFileReference; fileEncoding = 4; lastKnownFileType = sourcecode.c.objc; path = SerializerFormat.m; sourceTree = "<group>"; };
		94DFF8A0161A46C000D94B2E /* SerializerFormatProtocol.h */ = {isa = PBXFileReference; fileEncoding = 4; lastKnownFileType = sourcecode.c.h; path = SerializerFormatProtocol.h; sourceTree = "<group>"; };
		94DFF8A1161A46C000D94B2E /* SerializerFormats.h */ = {isa = PBXFileReference; fileEncoding = 4; lastKnownFileType = sourcecode.c.h; path = SerializerFormats.h; sourceTree = "<group>"; };
		94DFF8A2161A46C000D94B2E /* SerializerFormats.m */ = {isa = PBXFileReference; fileEncoding = 4; lastKnownFileType = sourcecode.c.objc; path = SerializerFormats.m; sourceTree = "<group>"; };
		94DFF8A3161A46C000D94B2E /* ToStringSerializerProtocol.h */ = {isa = PBXFileReference; fileEncoding = 4; lastKnownFileType = sourcecode.c.h; path = ToStringSerializerProtocol.h; sourceTree = "<group>"; };
		94DFF8A4161A46C000D94B2E /* World.h */ = {isa = PBXFileReference; fileEncoding = 4; lastKnownFileType = sourcecode.c.h; path = World.h; sourceTree = "<group>"; };
		94DFF8A5161A46C000D94B2E /* World.m */ = {isa = PBXFileReference; fileEncoding = 4; lastKnownFileType = sourcecode.c.objc; path = World.m; sourceTree = "<group>"; };
		94DFF8AD161A473200D94B2E /* MasterViewController.h */ = {isa = PBXFileReference; fileEncoding = 4; lastKnownFileType = sourcecode.c.h; path = MasterViewController.h; sourceTree = "<group>"; };
		94DFF8AE161A473200D94B2E /* MasterViewController.m */ = {isa = PBXFileReference; fileEncoding = 4; lastKnownFileType = sourcecode.c.objc; path = MasterViewController.m; sourceTree = "<group>"; };
		94DFF8AF161A473200D94B2E /* MasterViewController.xib */ = {isa = PBXFileReference; fileEncoding = 4; lastKnownFileType = file.xib; path = MasterViewController.xib; sourceTree = "<group>"; };
		94DFF8B2161A484E00D94B2E /* InfectableNonLinearBugView.h */ = {isa = PBXFileReference; fileEncoding = 4; lastKnownFileType = sourcecode.c.h; path = InfectableNonLinearBugView.h; sourceTree = "<group>"; };
		94DFF8B3161A484E00D94B2E /* InfectableNonLinearBugView.m */ = {isa = PBXFileReference; fileEncoding = 4; lastKnownFileType = sourcecode.c.objc; path = InfectableNonLinearBugView.m; sourceTree = "<group>"; };
/* End PBXFileReference section */

/* Begin PBXFrameworksBuildPhase section */
		943DD115163C77F70009F4E1 /* Frameworks */ = {
			isa = PBXFrameworksBuildPhase;
			buildActionMask = 2147483647;
			files = (
				943DD16D163C7F870009F4E1 /* CoreGraphics.framework in Frameworks */,
				943DD16B163C7F7E0009F4E1 /* UIKit.framework in Frameworks */,
				943DD11B163C77F80009F4E1 /* Foundation.framework in Frameworks */,
			);
			runOnlyForDeploymentPostprocessing = 0;
		};
		94540AE8160597A200C84C5D /* Frameworks */ = {
			isa = PBXFrameworksBuildPhase;
			buildActionMask = 2147483647;
			files = (
				94540AF0160597A200C84C5D /* Foundation.framework in Frameworks */,
			);
			runOnlyForDeploymentPostprocessing = 0;
		};
		949034E21610E13F0003C023 /* Frameworks */ = {
			isa = PBXFrameworksBuildPhase;
			buildActionMask = 2147483647;
			files = (
				949034E71610E13F0003C023 /* Cocoa.framework in Frameworks */,
			);
			runOnlyForDeploymentPostprocessing = 0;
		};
		949034FB1610E13F0003C023 /* Frameworks */ = {
			isa = PBXFrameworksBuildPhase;
			buildActionMask = 2147483647;
			files = (
				949035011610E13F0003C023 /* SenTestingKit.framework in Frameworks */,
				949035021610E13F0003C023 /* Cocoa.framework in Frameworks */,
			);
			runOnlyForDeploymentPostprocessing = 0;
		};
		94DFF866161A468000D94B2E /* Frameworks */ = {
			isa = PBXFrameworksBuildPhase;
			buildActionMask = 2147483647;
			files = (
				94DFF86B161A468100D94B2E /* Cocoa.framework in Frameworks */,
			);
			runOnlyForDeploymentPostprocessing = 0;
		};
/* End PBXFrameworksBuildPhase section */

/* Begin PBXGroup section */
		943DD11D163C77F80009F4E1 /* InfectableNonLinearBugMobileRenderer */ = {
			isa = PBXGroup;
			children = (
				943DD143163C78780009F4E1 /* framework */,
				943DD132163C78680009F4E1 /* domain */,
				943DD126163C77F80009F4E1 /* AppDelegate.h */,
				943DD127163C77F80009F4E1 /* AppDelegate.m */,
				943DD129163C77F80009F4E1 /* MainStoryboard.storyboard */,
				943DD12C163C77F80009F4E1 /* ViewController.h */,
				943DD12D163C77F80009F4E1 /* ViewController.m */,
				943DD11E163C77F80009F4E1 /* Supporting Files */,
				943DD15F163C79430009F4E1 /* InfectableNonLinearBugMobileView.h */,
				943DD160163C79430009F4E1 /* InfectableNonLinearBugMobileView.m */,
			);
			path = InfectableNonLinearBugMobileRenderer;
			sourceTree = "<group>";
		};
		943DD11E163C77F80009F4E1 /* Supporting Files */ = {
			isa = PBXGroup;
			children = (
				943DD11F163C77F80009F4E1 /* InfectableNonLinearBugMobileRenderer-Info.plist */,
				943DD120163C77F80009F4E1 /* InfoPlist.strings */,
				943DD123163C77F80009F4E1 /* main.m */,
				943DD125163C77F80009F4E1 /* InfectableNonLinearBugMobileRenderer-Prefix.pch */,
			);
			name = "Supporting Files";
			sourceTree = "<group>";
		};
		943DD132163C78680009F4E1 /* domain */ = {
			isa = PBXGroup;
			children = (
				943DD133163C78680009F4E1 /* InfectableBug.h */,
				943DD134163C78680009F4E1 /* InfectableBug.m */,
				943DD135163C78680009F4E1 /* InfectableBugJsonSerializer.h */,
				943DD136163C78680009F4E1 /* InfectableBugJsonSerializer.m */,
				943DD137163C78680009F4E1 /* InfectableNonLinearBug.h */,
				943DD138163C78680009F4E1 /* InfectableNonLinearBug.m */,
				943DD139163C78680009F4E1 /* InfectableNonLinearBugState.h */,
				943DD13A163C78680009F4E1 /* RandomBug.h */,
				943DD13B163C78680009F4E1 /* RandomBug.m */,
				943DD13C163C78680009F4E1 /* RandomBugJsonSerializer.h */,
				943DD13D163C78680009F4E1 /* RandomBugJsonSerializer.m */,
			);
			name = domain;
			path = ../../src/objc/domain;
			sourceTree = "<group>";
		};
		943DD143163C78780009F4E1 /* framework */ = {
			isa = PBXGroup;
			children = (
				943DD144163C78780009F4E1 /* Bug.h */,
				943DD145163C78780009F4E1 /* Bug.m */,
				943DD146163C78780009F4E1 /* BugProtocol.h */,
				943DD147163C78780009F4E1 /* BugToStringSerializer.h */,
				943DD148163C78780009F4E1 /* BugToStringSerializer.m */,
				943DD149163C78780009F4E1 /* InterceptorProtocol.h */,
				943DD14A163C78780009F4E1 /* JsonInterceptor.h */,
				943DD14B163C78780009F4E1 /* JsonInterceptor.m */,
				943DD14C163C78780009F4E1 /* NSMutableArray+Shuffle.h */,
				943DD14D163C78780009F4E1 /* NSMutableArray+Shuffle.m */,
				943DD14E163C78780009F4E1 /* SerializerFormat.h */,
				943DD14F163C78780009F4E1 /* SerializerFormat.m */,
				943DD150163C78780009F4E1 /* SerializerFormatProtocol.h */,
				943DD151163C78780009F4E1 /* SerializerFormats.h */,
				943DD152163C78780009F4E1 /* SerializerFormats.m */,
				943DD153163C78780009F4E1 /* ToStringSerializerProtocol.h */,
				943DD154163C78780009F4E1 /* World.h */,
				943DD155163C78780009F4E1 /* World.m */,
			);
			name = framework;
			path = ../../src/objc/framework;
			sourceTree = "<group>";
		};
		94540AE0160597A200C84C5D = {
			isa = PBXGroup;
			children = (
				943DD16C163C7F860009F4E1 /* CoreGraphics.framework */,
				943DD16A163C7F7E0009F4E1 /* UIKit.framework */,
				949034A31610C6D60003C023 /* Quartz.framework */,
				94540AF1160597A200C84C5D /* Bhumi */,
				949034E81610E13F0003C023 /* InfectableBugRenderer */,
				949035051610E13F0003C023 /* InfectableBugRendererTests */,
				94DFF86C161A468100D94B2E /* InfectableNonLinearBugRenderer */,
				943DD11D163C77F80009F4E1 /* InfectableNonLinearBugMobileRenderer */,
				94540AEE160597A200C84C5D /* Frameworks */,
				94540AEC160597A200C84C5D /* Products */,
			);
			sourceTree = "<group>";
		};
		94540AEC160597A200C84C5D /* Products */ = {
			isa = PBXGroup;
			children = (
				94540AEB160597A200C84C5D /* Bhumi */,
				949034E51610E13F0003C023 /* InfectableBugRenderer.app */,
				949034FF1610E13F0003C023 /* InfectableBugRendererTests.octest */,
				94DFF869161A468000D94B2E /* InfectableNonLinearBugRenderer.app */,
				943DD118163C77F70009F4E1 /* InfectableNonLinearBugMobileRenderer.app */,
			);
			name = Products;
			sourceTree = "<group>";
		};
		94540AEE160597A200C84C5D /* Frameworks */ = {
			isa = PBXGroup;
			children = (
				94540AEF160597A200C84C5D /* Foundation.framework */,
				949034701610C6880003C023 /* Cocoa.framework */,
				949035001610E13F0003C023 /* SenTestingKit.framework */,
				943DD034163C75220009F4E1 /* UIKit.framework */,
				943DD037163C75220009F4E1 /* CoreGraphics.framework */,
				943DD0B1163C76800009F4E1 /* GLKit.framework */,
				943DD0B3163C76800009F4E1 /* OpenGLES.framework */,
				949034721610C6880003C023 /* Other Frameworks */,
			);
			name = Frameworks;
			sourceTree = "<group>";
		};
		94540AF1160597A200C84C5D /* Bhumi */ = {
			isa = PBXGroup;
			children = (
				94540B20160597FF00C84C5D /* main.m */,
				94540B13160597DD00C84C5D /* domain */,
				94540AFD160597C500C84C5D /* framework */,
				94540AF6160597A200C84C5D /* Bhumi.1 */,
				94540AF4160597A200C84C5D /* Supporting Files */,
			);
			path = Bhumi;
			sourceTree = "<group>";
		};
		94540AF4160597A200C84C5D /* Supporting Files */ = {
			isa = PBXGroup;
			children = (
				94540AF5160597A200C84C5D /* Bhumi-Prefix.pch */,
			);
			name = "Supporting Files";
			sourceTree = "<group>";
		};
		94540AFD160597C500C84C5D /* framework */ = {
			isa = PBXGroup;
			children = (
				6B05811583F39F908FBA6D64 /* SerializerFormat.h */,
				6B058E715CE975295EADB6B1 /* SerializerFormat.m */,
				6B05848034A81742508DB281 /* SerializerFormats.h */,
				6B058E2CB7B81A079954D901 /* SerializerFormats.m */,
				6B05859CDC4C524C3E1BAA0B /* SerializerFormatProtocol.h */,
				6B0588E75C9538422DEB9BEA /* JsonInterceptor.h */,
				6B058C4C6B04BACA705B0FEE /* JsonInterceptor.m */,
				6B058DD9CAAE7C8F6C641C02 /* InterceptorProtocol.h */,
				94540AFE160597C500C84C5D /* Bug.h */,
				94540AFF160597C500C84C5D /* Bug.m */,
				94540B00160597C500C84C5D /* BugProtocol.h */,
				94540B01160597C500C84C5D /* BugToStringSerializer.h */,
				94540B02160597C500C84C5D /* BugToStringSerializer.m */,
				94540B03160597C500C84C5D /* NSMutableArray+Shuffle.h */,
				94540B04160597C500C84C5D /* NSMutableArray+Shuffle.m */,
				94540B06160597C500C84C5D /* ToStringSerializerProtocol.h */,
				94540B07160597C500C84C5D /* World.h */,
				94540B08160597C500C84C5D /* World.m */,
			);
			name = framework;
			path = ../../src/objc/framework;
			sourceTree = "<group>";
		};
		94540B13160597DD00C84C5D /* domain */ = {
			isa = PBXGroup;
			children = (
				6B058EA20CA9E4C867AC017F /* InfectableNonLinearBugState.h */,
				6B05819E10C48939D564AC39 /* InfectableNonLinearBug.h */,
				6B058C05B68F854FD728DF25 /* InfectableNonLinearBug.m */,
				6B058739FAB34A99AAB5A8F9 /* InfectableBugJsonSerializer.m */,
				6B0585821B1D8C5FD42C2B62 /* InfectableBugJsonSerializer.h */,
				94540B14160597DD00C84C5D /* InfectableBug.h */,
				94540B15160597DD00C84C5D /* InfectableBug.m */,
				94540B18160597DD00C84C5D /* RandomBug.h */,
				94540B19160597DD00C84C5D /* RandomBug.m */,
				94540B1A160597DD00C84C5D /* RandomBugJsonSerializer.h */,
				94540B1B160597DD00C84C5D /* RandomBugJsonSerializer.m */,
			);
			name = domain;
			path = ../../src/objc/domain;
			sourceTree = "<group>";
		};
		949034721610C6880003C023 /* Other Frameworks */ = {
			isa = PBXGroup;
			children = (
				949034731610C6880003C023 /* AppKit.framework */,
				949034741610C6880003C023 /* CoreData.framework */,
				949034751610C6880003C023 /* Foundation.framework */,
			);
			name = "Other Frameworks";
			sourceTree = "<group>";
		};
		949034E81610E13F0003C023 /* InfectableBugRenderer */ = {
			isa = PBXGroup;
			children = (
				9490355016112CD90003C023 /* domain */,
				9490353516112CC80003C023 /* framework */,
				949034F41610E13F0003C023 /* AppDelegate.h */,
				949034F51610E13F0003C023 /* AppDelegate.m */,
				949034F71610E13F0003C023 /* MainMenu.xib */,
				949034E91610E13F0003C023 /* Supporting Files */,
				949035141610E2AF0003C023 /* MasterViewController.h */,
				949035151610E2AF0003C023 /* MasterViewController.m */,
				949035161610E2AF0003C023 /* MasterViewController.xib */,
				949035191611067F0003C023 /* WorldView.h */,
				9490351A1611067F0003C023 /* WorldView.m */,
			);
			path = InfectableBugRenderer;
			sourceTree = "<group>";
		};
		949034E91610E13F0003C023 /* Supporting Files */ = {
			isa = PBXGroup;
			children = (
				949034EA1610E13F0003C023 /* InfectableBugRenderer-Info.plist */,
				949034EB1610E13F0003C023 /* InfoPlist.strings */,
				949034EE1610E13F0003C023 /* main.m */,
				949034F01610E13F0003C023 /* InfectableBugRenderer-Prefix.pch */,
				949034F11610E13F0003C023 /* Credits.rtf */,
			);
			name = "Supporting Files";
			sourceTree = "<group>";
		};
		949035051610E13F0003C023 /* InfectableBugRendererTests */ = {
			isa = PBXGroup;
			children = (
				9490350B1610E13F0003C023 /* InfectableBugRendererTests.h */,
				9490350C1610E13F0003C023 /* InfectableBugRendererTests.m */,
				949035061610E13F0003C023 /* Supporting Files */,
			);
			path = InfectableBugRendererTests;
			sourceTree = "<group>";
		};
		949035061610E13F0003C023 /* Supporting Files */ = {
			isa = PBXGroup;
			children = (
				949035071610E13F0003C023 /* InfectableBugRendererTests-Info.plist */,
				949035081610E13F0003C023 /* InfoPlist.strings */,
			);
			name = "Supporting Files";
			sourceTree = "<group>";
		};
		9490353516112CC80003C023 /* framework */ = {
			isa = PBXGroup;
			children = (
				9490353616112CC80003C023 /* Bug.h */,
				9490353716112CC80003C023 /* Bug.m */,
				9490353816112CC80003C023 /* BugProtocol.h */,
				9490353916112CC80003C023 /* BugToStringSerializer.h */,
				9490353A16112CC80003C023 /* BugToStringSerializer.m */,
				9490353B16112CC80003C023 /* InterceptorProtocol.h */,
				9490353C16112CC80003C023 /* JsonInterceptor.h */,
				9490353D16112CC80003C023 /* JsonInterceptor.m */,
				9490353E16112CC80003C023 /* NSMutableArray+Shuffle.h */,
				9490353F16112CC80003C023 /* NSMutableArray+Shuffle.m */,
				9490354016112CC80003C023 /* SerializerFormat.h */,
				9490354116112CC80003C023 /* SerializerFormat.m */,
				9490354216112CC80003C023 /* SerializerFormatProtocol.h */,
				9490354316112CC80003C023 /* SerializerFormats.h */,
				9490354416112CC80003C023 /* SerializerFormats.m */,
				9490354516112CC80003C023 /* ToStringSerializerProtocol.h */,
				9490354616112CC80003C023 /* World.h */,
				9490354716112CC80003C023 /* World.m */,
			);
			name = framework;
			path = ../../src/objc/framework;
			sourceTree = "<group>";
		};
		9490355016112CD90003C023 /* domain */ = {
			isa = PBXGroup;
			children = (
				9490355116112CD90003C023 /* InfectableBug.h */,
				9490355216112CD90003C023 /* InfectableBug.m */,
				9490355316112CD90003C023 /* InfectableBugJsonSerializer.h */,
				9490355416112CD90003C023 /* InfectableBugJsonSerializer.m */,
				9490355516112CD90003C023 /* RandomBug.h */,
				9490355616112CD90003C023 /* RandomBug.m */,
				9490355716112CD90003C023 /* RandomBugJsonSerializer.h */,
				9490355816112CD90003C023 /* RandomBugJsonSerializer.m */,
			);
			name = domain;
			path = ../../src/objc/domain;
			sourceTree = "<group>";
		};
		94DFF86C161A468100D94B2E /* InfectableNonLinearBugRenderer */ = {
			isa = PBXGroup;
			children = (
				94DFF893161A46C000D94B2E /* framework */,
				94DFF882161A46AA00D94B2E /* domain */,
				94DFF878161A468100D94B2E /* AppDelegate.h */,
				94DFF879161A468100D94B2E /* AppDelegate.m */,
				94DFF87B161A468100D94B2E /* MainMenu.xib */,
				94DFF86D161A468100D94B2E /* Supporting Files */,
				94DFF8AD161A473200D94B2E /* MasterViewController.h */,
				94DFF8AE161A473200D94B2E /* MasterViewController.m */,
				94DFF8AF161A473200D94B2E /* MasterViewController.xib */,
				94DFF8B2161A484E00D94B2E /* InfectableNonLinearBugView.h */,
				94DFF8B3161A484E00D94B2E /* InfectableNonLinearBugView.m */,
			);
			path = InfectableNonLinearBugRenderer;
			sourceTree = "<group>";
		};
		94DFF86D161A468100D94B2E /* Supporting Files */ = {
			isa = PBXGroup;
			children = (
				94DFF86E161A468100D94B2E /* InfectableNonLinearBugRenderer-Info.plist */,
				94DFF86F161A468100D94B2E /* InfoPlist.strings */,
				94DFF872161A468100D94B2E /* main.m */,
				94DFF874161A468100D94B2E /* InfectableNonLinearBugRenderer-Prefix.pch */,
				94DFF875161A468100D94B2E /* Credits.rtf */,
			);
			name = "Supporting Files";
			sourceTree = "<group>";
		};
		94DFF882161A46AA00D94B2E /* domain */ = {
			isa = PBXGroup;
			children = (
				94DFF883161A46AA00D94B2E /* InfectableBug.h */,
				94DFF884161A46AA00D94B2E /* InfectableBug.m */,
				94DFF885161A46AA00D94B2E /* InfectableBugJsonSerializer.h */,
				94DFF886161A46AA00D94B2E /* InfectableBugJsonSerializer.m */,
				94DFF887161A46AA00D94B2E /* InfectableNonLinearBug.h */,
				94DFF888161A46AA00D94B2E /* InfectableNonLinearBug.m */,
				94DFF889161A46AA00D94B2E /* InfectableNonLinearBugState.h */,
				94DFF88A161A46AA00D94B2E /* RandomBug.h */,
				94DFF88B161A46AA00D94B2E /* RandomBug.m */,
				94DFF88C161A46AA00D94B2E /* RandomBugJsonSerializer.h */,
				94DFF88D161A46AA00D94B2E /* RandomBugJsonSerializer.m */,
			);
			name = domain;
			path = ../../src/objc/domain;
			sourceTree = "<group>";
		};
		94DFF893161A46C000D94B2E /* framework */ = {
			isa = PBXGroup;
			children = (
				94DFF894161A46C000D94B2E /* Bug.h */,
				94DFF895161A46C000D94B2E /* Bug.m */,
				94DFF896161A46C000D94B2E /* BugProtocol.h */,
				94DFF897161A46C000D94B2E /* BugToStringSerializer.h */,
				94DFF898161A46C000D94B2E /* BugToStringSerializer.m */,
				94DFF899161A46C000D94B2E /* InterceptorProtocol.h */,
				94DFF89A161A46C000D94B2E /* JsonInterceptor.h */,
				94DFF89B161A46C000D94B2E /* JsonInterceptor.m */,
				94DFF89C161A46C000D94B2E /* NSMutableArray+Shuffle.h */,
				94DFF89D161A46C000D94B2E /* NSMutableArray+Shuffle.m */,
				94DFF89E161A46C000D94B2E /* SerializerFormat.h */,
				94DFF89F161A46C000D94B2E /* SerializerFormat.m */,
				94DFF8A0161A46C000D94B2E /* SerializerFormatProtocol.h */,
				94DFF8A1161A46C000D94B2E /* SerializerFormats.h */,
				94DFF8A2161A46C000D94B2E /* SerializerFormats.m */,
				94DFF8A3161A46C000D94B2E /* ToStringSerializerProtocol.h */,
				94DFF8A4161A46C000D94B2E /* World.h */,
				94DFF8A5161A46C000D94B2E /* World.m */,
			);
			name = framework;
			path = ../../src/objc/framework;
			sourceTree = "<group>";
		};
/* End PBXGroup section */

/* Begin PBXNativeTarget section */
		943DD117163C77F70009F4E1 /* InfectableNonLinearBugMobileRenderer */ = {
			isa = PBXNativeTarget;
			buildConfigurationList = 943DD12F163C77F80009F4E1 /* Build configuration list for PBXNativeTarget "InfectableNonLinearBugMobileRenderer" */;
			buildPhases = (
				943DD114163C77F70009F4E1 /* Sources */,
				943DD115163C77F70009F4E1 /* Frameworks */,
				943DD116163C77F70009F4E1 /* Resources */,
			);
			buildRules = (
			);
			dependencies = (
			);
			name = InfectableNonLinearBugMobileRenderer;
			productName = InfectableNonLinearBugMobileRenderer;
			productReference = 943DD118163C77F70009F4E1 /* InfectableNonLinearBugMobileRenderer.app */;
			productType = "com.apple.product-type.application";
		};
		94540AEA160597A200C84C5D /* Bhumi */ = {
			isa = PBXNativeTarget;
			buildConfigurationList = 94540AFA160597A200C84C5D /* Build configuration list for PBXNativeTarget "Bhumi" */;
			buildPhases = (
				94540AE7160597A200C84C5D /* Sources */,
				94540AE8160597A200C84C5D /* Frameworks */,
				94540AE9160597A200C84C5D /* CopyFiles */,
			);
			buildRules = (
			);
			dependencies = (
			);
			name = Bhumi;
			productName = Bhumi;
			productReference = 94540AEB160597A200C84C5D /* Bhumi */;
			productType = "com.apple.product-type.tool";
		};
		949034E41610E13F0003C023 /* InfectableBugRenderer */ = {
			isa = PBXNativeTarget;
			buildConfigurationList = 9490350E1610E13F0003C023 /* Build configuration list for PBXNativeTarget "InfectableBugRenderer" */;
			buildPhases = (
				949034E11610E13F0003C023 /* Sources */,
				949034E21610E13F0003C023 /* Frameworks */,
				949034E31610E13F0003C023 /* Resources */,
			);
			buildRules = (
			);
			dependencies = (
			);
			name = InfectableBugRenderer;
			productName = InfectableBugRenderer;
			productReference = 949034E51610E13F0003C023 /* InfectableBugRenderer.app */;
			productType = "com.apple.product-type.application";
		};
		949034FE1610E13F0003C023 /* InfectableBugRendererTests */ = {
			isa = PBXNativeTarget;
			buildConfigurationList = 949035111610E13F0003C023 /* Build configuration list for PBXNativeTarget "InfectableBugRendererTests" */;
			buildPhases = (
				949034FA1610E13F0003C023 /* Sources */,
				949034FB1610E13F0003C023 /* Frameworks */,
				949034FC1610E13F0003C023 /* Resources */,
				949034FD1610E13F0003C023 /* ShellScript */,
			);
			buildRules = (
			);
			dependencies = (
				949035041610E13F0003C023 /* PBXTargetDependency */,
			);
			name = InfectableBugRendererTests;
			productName = InfectableBugRendererTests;
			productReference = 949034FF1610E13F0003C023 /* InfectableBugRendererTests.octest */;
			productType = "com.apple.product-type.bundle";
		};
		94DFF868161A468000D94B2E /* InfectableNonLinearBugRenderer */ = {
			isa = PBXNativeTarget;
			buildConfigurationList = 94DFF880161A468100D94B2E /* Build configuration list for PBXNativeTarget "InfectableNonLinearBugRenderer" */;
			buildPhases = (
				94DFF865161A468000D94B2E /* Sources */,
				94DFF866161A468000D94B2E /* Frameworks */,
				94DFF867161A468000D94B2E /* Resources */,
			);
			buildRules = (
			);
			dependencies = (
			);
			name = InfectableNonLinearBugRenderer;
			productName = InfectableNonLinearBugRenderer;
			productReference = 94DFF869161A468000D94B2E /* InfectableNonLinearBugRenderer.app */;
			productType = "com.apple.product-type.application";
		};
/* End PBXNativeTarget section */

/* Begin PBXProject section */
		94540AE2160597A200C84C5D /* Project object */ = {
			isa = PBXProject;
			attributes = {
				LastUpgradeCheck = 0440;
				ORGANIZATIONNAME = "Vivin Paliath";
			};
			buildConfigurationList = 94540AE5160597A200C84C5D /* Build configuration list for PBXProject "Bhumi" */;
			compatibilityVersion = "Xcode 3.2";
			developmentRegion = English;
			hasScannedForEncodings = 0;
			knownRegions = (
				en,
			);
			mainGroup = 94540AE0160597A200C84C5D;
			productRefGroup = 94540AEC160597A200C84C5D /* Products */;
			projectDirPath = "";
			projectRoot = "";
			targets = (
				94540AEA160597A200C84C5D /* Bhumi */,
				949034E41610E13F0003C023 /* InfectableBugRenderer */,
				949034FE1610E13F0003C023 /* InfectableBugRendererTests */,
				94DFF868161A468000D94B2E /* InfectableNonLinearBugRenderer */,
				943DD117163C77F70009F4E1 /* InfectableNonLinearBugMobileRenderer */,
			);
		};
/* End PBXProject section */

/* Begin PBXResourcesBuildPhase section */
		943DD116163C77F70009F4E1 /* Resources */ = {
			isa = PBXResourcesBuildPhase;
			buildActionMask = 2147483647;
			files = (
				943DD122163C77F80009F4E1 /* InfoPlist.strings in Resources */,
				943DD12B163C77F80009F4E1 /* MainStoryboard.storyboard in Resources */,
			);
			runOnlyForDeploymentPostprocessing = 0;
		};
		949034E31610E13F0003C023 /* Resources */ = {
			isa = PBXResourcesBuildPhase;
			buildActionMask = 2147483647;
			files = (
				949034ED1610E13F0003C023 /* InfoPlist.strings in Resources */,
				949034F31610E13F0003C023 /* Credits.rtf in Resources */,
				949034F91610E13F0003C023 /* MainMenu.xib in Resources */,
				949035181610E2AF0003C023 /* MasterViewController.xib in Resources */,
			);
			runOnlyForDeploymentPostprocessing = 0;
		};
		949034FC1610E13F0003C023 /* Resources */ = {
			isa = PBXResourcesBuildPhase;
			buildActionMask = 2147483647;
			files = (
				9490350A1610E13F0003C023 /* InfoPlist.strings in Resources */,
			);
			runOnlyForDeploymentPostprocessing = 0;
		};
		94DFF867161A468000D94B2E /* Resources */ = {
			isa = PBXResourcesBuildPhase;
			buildActionMask = 2147483647;
			files = (
				94DFF871161A468100D94B2E /* InfoPlist.strings in Resources */,
				94DFF877161A468100D94B2E /* Credits.rtf in Resources */,
				94DFF87D161A468100D94B2E /* MainMenu.xib in Resources */,
				94DFF8B1161A473200D94B2E /* MasterViewController.xib in Resources */,
			);
			runOnlyForDeploymentPostprocessing = 0;
		};
/* End PBXResourcesBuildPhase section */

/* Begin PBXShellScriptBuildPhase section */
		949034FD1610E13F0003C023 /* ShellScript */ = {
			isa = PBXShellScriptBuildPhase;
			buildActionMask = 2147483647;
			files = (
			);
			inputPaths = (
			);
			outputPaths = (
			);
			runOnlyForDeploymentPostprocessing = 0;
			shellPath = /bin/sh;
			shellScript = "# Run the unit tests in this test bundle.\n\"${SYSTEM_DEVELOPER_DIR}/Tools/RunUnitTests\"\n";
		};
/* End PBXShellScriptBuildPhase section */

/* Begin PBXSourcesBuildPhase section */
		943DD114163C77F70009F4E1 /* Sources */ = {
			isa = PBXSourcesBuildPhase;
			buildActionMask = 2147483647;
			files = (
				943DD124163C77F80009F4E1 /* main.m in Sources */,
				943DD128163C77F80009F4E1 /* AppDelegate.m in Sources */,
				943DD12E163C77F80009F4E1 /* ViewController.m in Sources */,
				943DD13E163C78680009F4E1 /* InfectableBug.m in Sources */,
				943DD13F163C78680009F4E1 /* InfectableBugJsonSerializer.m in Sources */,
				943DD140163C78680009F4E1 /* InfectableNonLinearBug.m in Sources */,
				943DD141163C78680009F4E1 /* RandomBug.m in Sources */,
				943DD142163C78680009F4E1 /* RandomBugJsonSerializer.m in Sources */,
				943DD156163C78780009F4E1 /* Bug.m in Sources */,
				943DD157163C78780009F4E1 /* BugToStringSerializer.m in Sources */,
				943DD158163C78780009F4E1 /* JsonInterceptor.m in Sources */,
				943DD159163C78780009F4E1 /* NSMutableArray+Shuffle.m in Sources */,
				943DD15A163C78780009F4E1 /* SerializerFormat.m in Sources */,
				943DD15B163C78780009F4E1 /* SerializerFormats.m in Sources */,
				943DD15C163C78780009F4E1 /* World.m in Sources */,
				943DD161163C79430009F4E1 /* InfectableNonLinearBugMobileView.m in Sources */,
			);
			runOnlyForDeploymentPostprocessing = 0;
		};
		94540AE7160597A200C84C5D /* Sources */ = {
			isa = PBXSourcesBuildPhase;
			buildActionMask = 2147483647;
			files = (
				94540B0D160597C500C84C5D /* Bug.m in Sources */,
				94540B0E160597C500C84C5D /* BugToStringSerializer.m in Sources */,
				94540B0F160597C500C84C5D /* NSMutableArray+Shuffle.m in Sources */,
				94540B10160597C500C84C5D /* World.m in Sources */,
				94540B1C160597DD00C84C5D /* InfectableBug.m in Sources */,
				94540B1E160597DD00C84C5D /* RandomBug.m in Sources */,
				94540B1F160597DD00C84C5D /* RandomBugJsonSerializer.m in Sources */,
				94540B21160597FF00C84C5D /* main.m in Sources */,
				6B058B455346154BE1E5421B /* JsonInterceptor.m in Sources */,
				6B058DD9B2FF9ABFCADC2AF8 /* InfectableBugJsonSerializer.m in Sources */,
				6B05880B476176CF963ED8BA /* SerializerFormats.m in Sources */,
				6B0586283A8FCC84668DAC5E /* SerializerFormat.m in Sources */,
				6B058A7724C899AEC3285BF6 /* InfectableNonLinearBug.m in Sources */,
			);
			runOnlyForDeploymentPostprocessing = 0;
		};
		949034E11610E13F0003C023 /* Sources */ = {
			isa = PBXSourcesBuildPhase;
			buildActionMask = 2147483647;
			files = (
				949034EF1610E13F0003C023 /* main.m in Sources */,
				949034F61610E13F0003C023 /* AppDelegate.m in Sources */,
				949035171610E2AF0003C023 /* MasterViewController.m in Sources */,
				9490351B1611067F0003C023 /* WorldView.m in Sources */,
				9490354816112CC80003C023 /* Bug.m in Sources */,
				9490354916112CC80003C023 /* BugToStringSerializer.m in Sources */,
				9490354A16112CC80003C023 /* JsonInterceptor.m in Sources */,
				9490354B16112CC80003C023 /* NSMutableArray+Shuffle.m in Sources */,
				9490354C16112CC80003C023 /* SerializerFormat.m in Sources */,
				9490354D16112CC80003C023 /* SerializerFormats.m in Sources */,
				9490354E16112CC80003C023 /* World.m in Sources */,
				9490355916112CD90003C023 /* InfectableBug.m in Sources */,
				9490355A16112CD90003C023 /* InfectableBugJsonSerializer.m in Sources */,
				9490355B16112CD90003C023 /* RandomBug.m in Sources */,
				9490355C16112CD90003C023 /* RandomBugJsonSerializer.m in Sources */,
				6B0587824C8B614D7D6DB15E /* InfectableNonLinearBug.m in Sources */,
			);
			runOnlyForDeploymentPostprocessing = 0;
		};
		949034FA1610E13F0003C023 /* Sources */ = {
			isa = PBXSourcesBuildPhase;
			buildActionMask = 2147483647;
			files = (
				9490350D1610E13F0003C023 /* InfectableBugRendererTests.m in Sources */,
			);
			runOnlyForDeploymentPostprocessing = 0;
		};
		94DFF865161A468000D94B2E /* Sources */ = {
			isa = PBXSourcesBuildPhase;
			buildActionMask = 2147483647;
			files = (
				94DFF873161A468100D94B2E /* main.m in Sources */,
				94DFF87A161A468100D94B2E /* AppDelegate.m in Sources */,
				94DFF88E161A46AA00D94B2E /* InfectableBug.m in Sources */,
				94DFF88F161A46AA00D94B2E /* InfectableBugJsonSerializer.m in Sources */,
				94DFF890161A46AA00D94B2E /* InfectableNonLinearBug.m in Sources */,
				94DFF891161A46AA00D94B2E /* RandomBug.m in Sources */,
				94DFF892161A46AA00D94B2E /* RandomBugJsonSerializer.m in Sources */,
				94DFF8A6161A46C000D94B2E /* Bug.m in Sources */,
				94DFF8A7161A46C000D94B2E /* BugToStringSerializer.m in Sources */,
				94DFF8A8161A46C000D94B2E /* JsonInterceptor.m in Sources */,
				94DFF8A9161A46C000D94B2E /* NSMutableArray+Shuffle.m in Sources */,
				94DFF8AA161A46C000D94B2E /* SerializerFormat.m in Sources */,
				94DFF8AB161A46C000D94B2E /* SerializerFormats.m in Sources */,
				94DFF8AC161A46C000D94B2E /* World.m in Sources */,
				94DFF8B0161A473200D94B2E /* MasterViewController.m in Sources */,
				94DFF8B4161A484E00D94B2E /* InfectableNonLinearBugView.m in Sources */,
			);
			runOnlyForDeploymentPostprocessing = 0;
		};
/* End PBXSourcesBuildPhase section */

/* Begin PBXTargetDependency section */
		949035041610E13F0003C023 /* PBXTargetDependency */ = {
			isa = PBXTargetDependency;
			target = 949034E41610E13F0003C023 /* InfectableBugRenderer */;
			targetProxy = 949035031610E13F0003C023 /* PBXContainerItemProxy */;
		};
/* End PBXTargetDependency section */

/* Begin PBXVariantGroup section */
		943DD120163C77F80009F4E1 /* InfoPlist.strings */ = {
			isa = PBXVariantGroup;
			children = (
				943DD121163C77F80009F4E1 /* en */,
			);
			name = InfoPlist.strings;
			sourceTree = "<group>";
		};
		943DD129163C77F80009F4E1 /* MainStoryboard.storyboard */ = {
			isa = PBXVariantGroup;
			children = (
				943DD12A163C77F80009F4E1 /* en */,
			);
			name = MainStoryboard.storyboard;
			sourceTree = "<group>";
		};
		949034EB1610E13F0003C023 /* InfoPlist.strings */ = {
			isa = PBXVariantGroup;
			children = (
				949034EC1610E13F0003C023 /* en */,
			);
			name = InfoPlist.strings;
			sourceTree = "<group>";
		};
		949034F11610E13F0003C023 /* Credits.rtf */ = {
			isa = PBXVariantGroup;
			children = (
				949034F21610E13F0003C023 /* en */,
			);
			name = Credits.rtf;
			sourceTree = "<group>";
		};
		949034F71610E13F0003C023 /* MainMenu.xib */ = {
			isa = PBXVariantGroup;
			children = (
				949034F81610E13F0003C023 /* en */,
			);
			name = MainMenu.xib;
			sourceTree = "<group>";
		};
		949035081610E13F0003C023 /* InfoPlist.strings */ = {
			isa = PBXVariantGroup;
			children = (
				949035091610E13F0003C023 /* en */,
			);
			name = InfoPlist.strings;
			sourceTree = "<group>";
		};
		94DFF86F161A468100D94B2E /* InfoPlist.strings */ = {
			isa = PBXVariantGroup;
			children = (
				94DFF870161A468100D94B2E /* en */,
			);
			name = InfoPlist.strings;
			sourceTree = "<group>";
		};
		94DFF875161A468100D94B2E /* Credits.rtf */ = {
			isa = PBXVariantGroup;
			children = (
				94DFF876161A468100D94B2E /* en */,
			);
			name = Credits.rtf;
			sourceTree = "<group>";
		};
		94DFF87B161A468100D94B2E /* MainMenu.xib */ = {
			isa = PBXVariantGroup;
			children = (
				94DFF87C161A468100D94B2E /* en */,
			);
			name = MainMenu.xib;
			sourceTree = "<group>";
		};
/* End PBXVariantGroup section */

/* Begin XCBuildConfiguration section */
		943DD130163C77F80009F4E1 /* Debug */ = {
			isa = XCBuildConfiguration;
			buildSettings = {
				ARCHS = "$(ARCHS_STANDARD_32_BIT)";
				"CODE_SIGN_IDENTITY[sdk=iphoneos*]" = "iPhone Developer";
				FRAMEWORK_SEARCH_PATHS = (
					"$(inherited)",
					"\"$(SYSTEM_APPS_DIR)/Xcode.app/Contents/Developer/Library/Frameworks\"",
				);
				GCC_PRECOMPILE_PREFIX_HEADER = YES;
				GCC_PREFIX_HEADER = "InfectableNonLinearBugMobileRenderer/InfectableNonLinearBugMobileRenderer-Prefix.pch";
				GCC_VERSION = com.apple.compilers.llvm.clang.1_0;
				INFOPLIST_FILE = "InfectableNonLinearBugMobileRenderer/InfectableNonLinearBugMobileRenderer-Info.plist";
				IPHONEOS_DEPLOYMENT_TARGET = 5.1;
				PRODUCT_NAME = "$(TARGET_NAME)";
				SDKROOT = iphoneos;
				TARGETED_DEVICE_FAMILY = 2;
				WRAPPER_EXTENSION = app;
			};
			name = Debug;
		};
		943DD131163C77F80009F4E1 /* Release */ = {
			isa = XCBuildConfiguration;
			buildSettings = {
				ARCHS = "$(ARCHS_STANDARD_32_BIT)";
				"CODE_SIGN_IDENTITY[sdk=iphoneos*]" = "iPhone Developer";
				FRAMEWORK_SEARCH_PATHS = (
					"$(inherited)",
					"\"$(SYSTEM_APPS_DIR)/Xcode.app/Contents/Developer/Library/Frameworks\"",
				);
				GCC_PRECOMPILE_PREFIX_HEADER = YES;
				GCC_PREFIX_HEADER = "InfectableNonLinearBugMobileRenderer/InfectableNonLinearBugMobileRenderer-Prefix.pch";
				GCC_VERSION = com.apple.compilers.llvm.clang.1_0;
				INFOPLIST_FILE = "InfectableNonLinearBugMobileRenderer/InfectableNonLinearBugMobileRenderer-Info.plist";
				IPHONEOS_DEPLOYMENT_TARGET = 5.1;
				OTHER_CFLAGS = "-DNS_BLOCK_ASSERTIONS=1";
				PRODUCT_NAME = "$(TARGET_NAME)";
				SDKROOT = iphoneos;
				TARGETED_DEVICE_FAMILY = 2;
				VALIDATE_PRODUCT = YES;
				WRAPPER_EXTENSION = app;
			};
			name = Release;
		};
		94540AF8160597A200C84C5D /* Debug */ = {
			isa = XCBuildConfiguration;
			buildSettings = {
				ALWAYS_SEARCH_USER_PATHS = NO;
				ARCHS = "$(ARCHS_STANDARD_64_BIT)";
				CLANG_CXX_LANGUAGE_STANDARD = "gnu++0x";
				CLANG_ENABLE_OBJC_ARC = YES;
				CLANG_WARN__DUPLICATE_METHOD_MATCH = YES;
				COPY_PHASE_STRIP = NO;
				GCC_C_LANGUAGE_STANDARD = gnu99;
				GCC_DYNAMIC_NO_PIC = NO;
				GCC_ENABLE_OBJC_EXCEPTIONS = YES;
				GCC_OPTIMIZATION_LEVEL = 0;
				GCC_PREPROCESSOR_DEFINITIONS = (
					"DEBUG=1",
					"$(inherited)",
				);
				GCC_SYMBOLS_PRIVATE_EXTERN = NO;
				GCC_WARN_64_TO_32_BIT_CONVERSION = YES;
				GCC_WARN_ABOUT_RETURN_TYPE = YES;
				GCC_WARN_UNINITIALIZED_AUTOS = YES;
				GCC_WARN_UNUSED_VARIABLE = YES;
				MACOSX_DEPLOYMENT_TARGET = 10.8;
				ONLY_ACTIVE_ARCH = YES;
				SDKROOT = macosx;
				SYMROOT = /Users/vivin/;
			};
			name = Debug;
		};
		94540AF9160597A200C84C5D /* Release */ = {
			isa = XCBuildConfiguration;
			buildSettings = {
				ALWAYS_SEARCH_USER_PATHS = NO;
				ARCHS = "$(ARCHS_STANDARD_64_BIT)";
				CLANG_CXX_LANGUAGE_STANDARD = "gnu++0x";
				CLANG_ENABLE_OBJC_ARC = YES;
				CLANG_WARN__DUPLICATE_METHOD_MATCH = YES;
				COPY_PHASE_STRIP = YES;
				DEBUG_INFORMATION_FORMAT = "dwarf-with-dsym";
				GCC_C_LANGUAGE_STANDARD = gnu99;
				GCC_ENABLE_OBJC_EXCEPTIONS = YES;
				GCC_WARN_64_TO_32_BIT_CONVERSION = YES;
				GCC_WARN_ABOUT_RETURN_TYPE = YES;
				GCC_WARN_UNINITIALIZED_AUTOS = YES;
				GCC_WARN_UNUSED_VARIABLE = YES;
				MACOSX_DEPLOYMENT_TARGET = 10.8;
				ONLY_ACTIVE_ARCH = YES;
				SDKROOT = macosx;
				SYMROOT = /Users/vivin/Projects/bhumi/Build/Products;
			};
			name = Release;
		};
		94540AFB160597A200C84C5D /* Debug */ = {
			isa = XCBuildConfiguration;
			buildSettings = {
				GCC_PRECOMPILE_PREFIX_HEADER = YES;
				GCC_PREFIX_HEADER = "Bhumi/Bhumi-Prefix.pch";
				PRODUCT_NAME = "$(TARGET_NAME)";
				SYMROOT = /Users/vivin/;
			};
			name = Debug;
		};
		94540AFC160597A200C84C5D /* Release */ = {
			isa = XCBuildConfiguration;
			buildSettings = {
				GCC_PRECOMPILE_PREFIX_HEADER = YES;
				GCC_PREFIX_HEADER = "Bhumi/Bhumi-Prefix.pch";
				PRODUCT_NAME = "$(TARGET_NAME)";
			};
			name = Release;
		};
		9490350F1610E13F0003C023 /* Debug */ = {
			isa = XCBuildConfiguration;
			buildSettings = {
				COMBINE_HIDPI_IMAGES = YES;
				GCC_PRECOMPILE_PREFIX_HEADER = YES;
				GCC_PREFIX_HEADER = "InfectableBugRenderer/InfectableBugRenderer-Prefix.pch";
				INFOPLIST_FILE = "InfectableBugRenderer/InfectableBugRenderer-Info.plist";
				PRODUCT_NAME = "$(TARGET_NAME)";
				WRAPPER_EXTENSION = app;
			};
			name = Debug;
		};
		949035101610E13F0003C023 /* Release */ = {
			isa = XCBuildConfiguration;
			buildSettings = {
				COMBINE_HIDPI_IMAGES = YES;
				GCC_PRECOMPILE_PREFIX_HEADER = YES;
				GCC_PREFIX_HEADER = "InfectableBugRenderer/InfectableBugRenderer-Prefix.pch";
				INFOPLIST_FILE = "InfectableBugRenderer/InfectableBugRenderer-Info.plist";
				PRODUCT_NAME = "$(TARGET_NAME)";
				WRAPPER_EXTENSION = app;
			};
			name = Release;
		};
		949035121610E13F0003C023 /* Debug */ = {
			isa = XCBuildConfiguration;
			buildSettings = {
				BUNDLE_LOADER = "$(BUILT_PRODUCTS_DIR)/InfectableBugRenderer.app/Contents/MacOS/InfectableBugRenderer";
				COMBINE_HIDPI_IMAGES = YES;
				FRAMEWORK_SEARCH_PATHS = "\"$(DEVELOPER_LIBRARY_DIR)/Frameworks\"";
				GCC_PRECOMPILE_PREFIX_HEADER = YES;
				GCC_PREFIX_HEADER = "InfectableBugRenderer/InfectableBugRenderer-Prefix.pch";
				INFOPLIST_FILE = "InfectableBugRendererTests/InfectableBugRendererTests-Info.plist";
				PRODUCT_NAME = "$(TARGET_NAME)";
				TEST_HOST = "$(BUNDLE_LOADER)";
				WRAPPER_EXTENSION = octest;
			};
			name = Debug;
		};
		949035131610E13F0003C023 /* Release */ = {
			isa = XCBuildConfiguration;
			buildSettings = {
				BUNDLE_LOADER = "$(BUILT_PRODUCTS_DIR)/InfectableBugRenderer.app/Contents/MacOS/InfectableBugRenderer";
				COMBINE_HIDPI_IMAGES = YES;
				FRAMEWORK_SEARCH_PATHS = "\"$(DEVELOPER_LIBRARY_DIR)/Frameworks\"";
				GCC_PRECOMPILE_PREFIX_HEADER = YES;
				GCC_PREFIX_HEADER = "InfectableBugRenderer/InfectableBugRenderer-Prefix.pch";
				INFOPLIST_FILE = "InfectableBugRendererTests/InfectableBugRendererTests-Info.plist";
				PRODUCT_NAME = "$(TARGET_NAME)";
				TEST_HOST = "$(BUNDLE_LOADER)";
				WRAPPER_EXTENSION = octest;
			};
			name = Release;
		};
		94DFF87E161A468100D94B2E /* Debug */ = {
			isa = XCBuildConfiguration;
			buildSettings = {
				COMBINE_HIDPI_IMAGES = YES;
				GCC_PRECOMPILE_PREFIX_HEADER = YES;
				GCC_PREFIX_HEADER = "InfectableNonLinearBugRenderer/InfectableNonLinearBugRenderer-Prefix.pch";
				INFOPLIST_FILE = "InfectableNonLinearBugRenderer/InfectableNonLinearBugRenderer-Info.plist";
				PRODUCT_NAME = "$(TARGET_NAME)";
				WRAPPER_EXTENSION = app;
			};
			name = Debug;
		};
		94DFF87F161A468100D94B2E /* Release */ = {
			isa = XCBuildConfiguration;
			buildSettings = {
				COMBINE_HIDPI_IMAGES = YES;
				GCC_PRECOMPILE_PREFIX_HEADER = YES;
				GCC_PREFIX_HEADER = "InfectableNonLinearBugRenderer/InfectableNonLinearBugRenderer-Prefix.pch";
				INFOPLIST_FILE = "InfectableNonLinearBugRenderer/InfectableNonLinearBugRenderer-Info.plist";
				PRODUCT_NAME = "$(TARGET_NAME)";
				WRAPPER_EXTENSION = app;
			};
			name = Release;
		};
/* End XCBuildConfiguration section */

/* Begin XCConfigurationList section */
		943DD12F163C77F80009F4E1 /* Build configuration list for PBXNativeTarget "InfectableNonLinearBugMobileRenderer" */ = {
			isa = XCConfigurationList;
			buildConfigurations = (
				943DD130163C77F80009F4E1 /* Debug */,
				943DD131163C77F80009F4E1 /* Release */,
			);
			defaultConfigurationIsVisible = 0;
			defaultConfigurationName = Release;
		};
		94540AE5160597A200C84C5D /* Build configuration list for PBXProject "Bhumi" */ = {
			isa = XCConfigurationList;
			buildConfigurations = (
				94540AF8160597A200C84C5D /* Debug */,
				94540AF9160597A200C84C5D /* Release */,
			);
			defaultConfigurationIsVisible = 0;
			defaultConfigurationName = Release;
		};
		94540AFA160597A200C84C5D /* Build configuration list for PBXNativeTarget "Bhumi" */ = {
			isa = XCConfigurationList;
			buildConfigurations = (
				94540AFB160597A200C84C5D /* Debug */,
				94540AFC160597A200C84C5D /* Release */,
			);
			defaultConfigurationIsVisible = 0;
			defaultConfigurationName = Release;
		};
		9490350E1610E13F0003C023 /* Build configuration list for PBXNativeTarget "InfectableBugRenderer" */ = {
			isa = XCConfigurationList;
			buildConfigurations = (
				9490350F1610E13F0003C023 /* Debug */,
				949035101610E13F0003C023 /* Release */,
			);
			defaultConfigurationIsVisible = 0;
			defaultConfigurationName = Release;
		};
		949035111610E13F0003C023 /* Build configuration list for PBXNativeTarget "InfectableBugRendererTests" */ = {
			isa = XCConfigurationList;
			buildConfigurations = (
				949035121610E13F0003C023 /* Debug */,
				949035131610E13F0003C023 /* Release */,
			);
			defaultConfigurationIsVisible = 0;
			defaultConfigurationName = Release;
		};
		94DFF880161A468100D94B2E /* Build configuration list for PBXNativeTarget "InfectableNonLinearBugRenderer" */ = {
			isa = XCConfigurationList;
			buildConfigurations = (
				94DFF87E161A468100D94B2E /* Debug */,
				94DFF87F161A468100D94B2E /* Release */,
			);
			defaultConfigurationIsVisible = 0;
			defaultConfigurationName = Release;
		};
/* End XCConfigurationList section */
	};
	rootObject = 94540AE2160597A200C84C5D /* Project object */;
}
